
Microsoft Visual Studio Solution File, Format Version 12.00
# Visual Studio Version 17
VisualStudioVersion = 17.2.32630.192
MinimumVisualStudioVersion = 10.0.40219.1
Project("{9A19103F-16F7-4668-BE54-9A1E7A4F7556}") = "R5T.S0108", "R5T.S0108\R5T.S0108.csproj", "{9789A299-6DBF-4BF1-B011-976CD8C04B59}"
EndProject
Project("{2150E333-8FDC-42A3-9474-1A3956D46DE8}") = "_Dependencies", "_Dependencies", "{7CDF6AE0-3A93-406A-829C-DAC73A9A3111}"
EndProject
Project("{9A19103F-16F7-4668-BE54-9A1E7A4F7556}") = "R5T.F0000", "..\..\R5T.F0000\source\R5T.F0000\R5T.F0000.csproj", "{E45CAB1B-7259-4165-8726-AFEB8709736F}"
EndProject
Project("{9A19103F-16F7-4668-BE54-9A1E7A4F7556}") = "R5T.F0002", "..\..\R5T.F0002\source\R5T.F0002\R5T.F0002.csproj", "{32B723F3-B755-41EE-B22D-443583BE778D}"
EndProject
Project("{9A19103F-16F7-4668-BE54-9A1E7A4F7556}") = "R5T.F0020", "..\..\R5T.F0020\source\R5T.F0020\R5T.F0020.csproj", "{86BC753D-EC1F-4B0F-88A6-81BBEB37192D}"
EndProject
Project("{9A19103F-16F7-4668-BE54-9A1E7A4F7556}") = "R5T.F0033.Platform", "..\..\R5T.F0033\source\R5T.F0033.Platform\R5T.F0033.Platform.csproj", "{B44363DF-DF35-4A44-AB74-632AA942A90A}"
EndProject
Project("{9A19103F-16F7-4668-BE54-9A1E7A4F7556}") = "R5T.F0033", "..\..\R5T.F0033\source\R5T.F0033\R5T.F0033.csproj", "{7F7F9B3D-3705-4900-AC20-64F1A0B2FDBF}"
EndProject
Project("{9A19103F-16F7-4668-BE54-9A1E7A4F7556}") = "R5T.F0034.Platform", "..\..\R5T.F0034\source\R5T.F0034.Platform\R5T.F0034.Platform.csproj", "{BF8CC6C6-DAAD-4C17-8836-3ADAB1B90AAA}"
EndProject
Project("{9A19103F-16F7-4668-BE54-9A1E7A4F7556}") = "R5T.F0034", "..\..\R5T.F0034\source\R5T.F0034\R5T.F0034.csproj", "{F942D067-5CD5-434F-BCB1-8E20E665AF34}"
EndProject
Project("{9A19103F-16F7-4668-BE54-9A1E7A4F7556}") = "R5T.F0035.F001", "..\..\R5T.F0035\source\R5T.F0035.F001\R5T.F0035.F001.csproj", "{8DD6A258-7E6B-43D6-B24B-52B25558C1FF}"
EndProject
Project("{9A19103F-16F7-4668-BE54-9A1E7A4F7556}") = "R5T.F0040.F000", "..\..\R5T.F0040\source\R5T.F0040.F000\R5T.F0040.F000.csproj", "{410C6021-2C17-4178-8ED5-469C1688AEE9}"
EndProject
Project("{9A19103F-16F7-4668-BE54-9A1E7A4F7556}") = "R5T.F0040", "..\..\R5T.F0040\source\R5T.F0040\R5T.F0040.csproj", "{5B4DCDAD-3814-44A5-8D5C-05E02D8CC0AF}"
EndProject
Project("{9A19103F-16F7-4668-BE54-9A1E7A4F7556}") = "R5T.F0059", "..\..\R5T.F0059\source\R5T.F0059\R5T.F0059.csproj", "{1B59881A-04A5-4597-8364-C5DD6C83A6DC}"
EndProject
Project("{9A19103F-16F7-4668-BE54-9A1E7A4F7556}") = "R5T.F0120", "..\..\R5T.F0120\source\R5T.F0120\R5T.F0120.csproj", "{ACD17E61-D9B1-4699-94C8-6A240E29F87B}"
EndProject
Project("{9A19103F-16F7-4668-BE54-9A1E7A4F7556}") = "R5T.F0124", "..\..\R5T.F0124\source\R5T.F0124\R5T.F0124.csproj", "{1874C7BC-F5C5-43C3-B2CF-CB07B9FF6787}"
EndProject
Project("{9A19103F-16F7-4668-BE54-9A1E7A4F7556}") = "R5T.F0125", "..\..\R5T.F0125\source\R5T.F0125\R5T.F0125.csproj", "{0A6DE939-8B03-40F9-8A45-D5AB4ED0FB73}"
EndProject
Project("{9A19103F-16F7-4668-BE54-9A1E7A4F7556}") = "R5T.F0138", "..\..\R5T.F0138\source\R5T.F0138\R5T.F0138.csproj", "{06F96D03-3BB2-4B53-A5D7-DFC49CCFE79F}"
EndProject
Project("{9A19103F-16F7-4668-BE54-9A1E7A4F7556}") = "R5T.F0139", "..\..\R5T.F0139\source\R5T.F0139\R5T.F0139.csproj", "{1A77DD04-D874-4ECB-BFDE-989DB8F00150}"
EndProject
Project("{9A19103F-16F7-4668-BE54-9A1E7A4F7556}") = "R5T.F0140", "..\..\R5T.F0140\source\R5T.F0140\R5T.F0140.csproj", "{121B2B8E-BFA9-440F-9B41-E9C0E3597FAB}"
EndProject
Project("{9A19103F-16F7-4668-BE54-9A1E7A4F7556}") = "R5T.L0030.T000", "..\..\R5T.L0030\source\R5T.L0030.T000\R5T.L0030.T000.csproj", "{D14694BF-ECD8-4028-A04E-F600ACB40513}"
EndProject
Project("{9A19103F-16F7-4668-BE54-9A1E7A4F7556}") = "R5T.L0030", "..\..\R5T.L0030\source\R5T.L0030\R5T.L0030.csproj", "{D28CDE85-E4BB-4580-AD43-902680D00734}"
EndProject
Project("{9A19103F-16F7-4668-BE54-9A1E7A4F7556}") = "R5T.L0032.T000", "..\..\R5T.L0032\source\R5T.L0032.T000\R5T.L0032.T000.csproj", "{AE60653E-8537-4CC6-81B7-882894C60504}"
EndProject
Project("{9A19103F-16F7-4668-BE54-9A1E7A4F7556}") = "R5T.L0034", "..\..\R5T.L0034\source\R5T.L0034\R5T.L0034.csproj", "{FAB469EF-F8D9-4C7D-8F4C-9CED2D882C93}"
EndProject
Project("{9A19103F-16F7-4668-BE54-9A1E7A4F7556}") = "R5T.L0035", "..\..\R5T.L0035\source\R5T.L0035\R5T.L0035.csproj", "{18D363C1-E633-4642-A238-7F9EF2C32159}"
EndProject
Project("{9A19103F-16F7-4668-BE54-9A1E7A4F7556}") = "R5T.L0053", "..\..\R5T.L0053\source\R5T.L0053\R5T.L0053.csproj", "{A7D88242-51D0-44AF-8417-94B877491538}"
EndProject
Project("{9A19103F-16F7-4668-BE54-9A1E7A4F7556}") = "R5T.L0055", "..\..\R5T.L0055\source\R5T.L0055\R5T.L0055.csproj", "{BD29DE17-0869-49A4-99DF-4CF3EF4ADAB9}"
EndProject
Project("{9A19103F-16F7-4668-BE54-9A1E7A4F7556}") = "R5T.L0056", "..\..\R5T.L0056\source\R5T.L0056\R5T.L0056.csproj", "{2B991F71-1A06-4F5D-8EB5-2FD8475BA9F5}"
EndProject
Project("{9A19103F-16F7-4668-BE54-9A1E7A4F7556}") = "R5T.L0057", "..\..\R5T.L0057\source\R5T.L0057\R5T.L0057.csproj", "{726A0AD8-75E1-4D21-BB5D-E685A94E389F}"
EndProject
Project("{9A19103F-16F7-4668-BE54-9A1E7A4F7556}") = "R5T.L0058", "..\..\R5T.L0058\source\R5T.L0058\R5T.L0058.csproj", "{1F3A9D04-D163-408E-907F-76E32B10ED32}"
EndProject
Project("{9A19103F-16F7-4668-BE54-9A1E7A4F7556}") = "R5T.L0061", "..\..\R5T.L0061\source\R5T.L0061\R5T.L0061.csproj", "{CE204010-55E2-455B-8C40-141B3FD90BFB}"
EndProject
Project("{9A19103F-16F7-4668-BE54-9A1E7A4F7556}") = "R5T.L0064.F001", "..\..\R5T.L0064\source\R5T.L0064.F001\R5T.L0064.F001.csproj", "{C81BA6FE-02B2-44F4-B855-261C91C32414}"
EndProject
Project("{9A19103F-16F7-4668-BE54-9A1E7A4F7556}") = "R5T.L0066", "..\..\R5T.L0066\source\R5T.L0066\R5T.L0066.csproj", "{2F59F8F9-9A70-4951-9B08-8465AF1B1FE2}"
EndProject
Project("{9A19103F-16F7-4668-BE54-9A1E7A4F7556}") = "R5T.NG0002", "..\..\R5T.NG0002\source\R5T.NG0002\R5T.NG0002.csproj", "{EA5AE5CB-47DD-4182-BCE7-C5611DB43A92}"
EndProject
Project("{9A19103F-16F7-4668-BE54-9A1E7A4F7556}") = "R5T.NG0006", "..\..\R5T.NG0006\source\R5T.NG0006\R5T.NG0006.csproj", "{FA5FDB34-9236-40E1-806D-F36123051AB6}"
EndProject
Project("{9A19103F-16F7-4668-BE54-9A1E7A4F7556}") = "R5T.NG0007", "..\..\R5T.NG0007\source\R5T.NG0007\R5T.NG0007.csproj", "{B4627477-7035-4566-AA28-0E9E624F45F7}"
EndProject
Project("{9A19103F-16F7-4668-BE54-9A1E7A4F7556}") = "R5T.NG0010", "..\..\R5T.NG0010\source\R5T.NG0010\R5T.NG0010.csproj", "{3CA7B3EC-FB09-4C20-B088-3C7D0DDA8E94}"
EndProject
Project("{9A19103F-16F7-4668-BE54-9A1E7A4F7556}") = "R5T.NG0022", "..\..\R5T.NG0022\source\R5T.NG0022\R5T.NG0022.csproj", "{325BF696-B02A-4ACD-92A7-168B9F6A24F2}"
EndProject
Project("{9A19103F-16F7-4668-BE54-9A1E7A4F7556}") = "R5T.T0131", "..\..\R5T.T0131\source\R5T.T0131\R5T.T0131.csproj", "{513DDBFD-9386-441B-BA75-0443F17328DD}"
EndProject
Project("{9A19103F-16F7-4668-BE54-9A1E7A4F7556}") = "R5T.T0132", "..\..\R5T.T0132\source\R5T.T0132\R5T.T0132.csproj", "{6E9E023A-7826-4CEE-8532-41A2A8FAF4C2}"
EndProject
Project("{9A19103F-16F7-4668-BE54-9A1E7A4F7556}") = "R5T.T0141", "..\..\R5T.T0141\source\R5T.T0141\R5T.T0141.csproj", "{B305A878-D204-4D48-A1EF-C2E93C0E2FB0}"
EndProject
Project("{9A19103F-16F7-4668-BE54-9A1E7A4F7556}") = "R5T.T0142", "..\..\R5T.T0142\source\R5T.T0142\R5T.T0142.csproj", "{195AF02F-4290-4C14-AC6D-F797EDF5E372}"
EndProject
Project("{9A19103F-16F7-4668-BE54-9A1E7A4F7556}") = "R5T.T0143", "..\..\R5T.T0143\source\R5T.T0143\R5T.T0143.csproj", "{77D57EE6-8DC2-4809-B2DA-9F853EB2A971}"
EndProject
Project("{9A19103F-16F7-4668-BE54-9A1E7A4F7556}") = "R5T.T0148", "..\..\R5T.T0148\source\R5T.T0148\R5T.T0148.csproj", "{A58CA456-B2F0-457E-B5CD-76AA846AB2C8}"
EndProject
Project("{9A19103F-16F7-4668-BE54-9A1E7A4F7556}") = "R5T.T0150", "..\..\R5T.T0150\source\R5T.T0150\R5T.T0150.csproj", "{C9BDC286-0BAF-4E29-BE55-D9F51F11497C}"
EndProject
Project("{9A19103F-16F7-4668-BE54-9A1E7A4F7556}") = "R5T.T0151", "..\..\R5T.T0151\source\R5T.T0151\R5T.T0151.csproj", "{B0441249-26E6-4596-BB17-93FCDCF9A0E9}"
EndProject
Project("{9A19103F-16F7-4668-BE54-9A1E7A4F7556}") = "R5T.T0152", "..\..\R5T.T0152\source\R5T.T0152\R5T.T0152.csproj", "{52C20CD7-5BC1-46A7-A91D-4B63A8479651}"
EndProject
Project("{9A19103F-16F7-4668-BE54-9A1E7A4F7556}") = "R5T.T0156", "..\..\R5T.T0156\source\R5T.T0156\R5T.T0156.csproj", "{30145A78-361D-4EAA-84A2-5868795061B0}"
EndProject
Project("{9A19103F-16F7-4668-BE54-9A1E7A4F7556}") = "R5T.T0158.F000", "..\..\R5T.T0158\source\R5T.T0158.F000\R5T.T0158.F000.csproj", "{85BB5BE2-7B14-4C7E-A65E-7D7F181BB3B8}"
EndProject
Project("{9A19103F-16F7-4668-BE54-9A1E7A4F7556}") = "R5T.T0158.T000", "..\..\R5T.T0158\source\R5T.T0158.T000\R5T.T0158.T000.csproj", "{10F5A83A-E9FA-4E8A-A637-A1E7C7CA4134}"
EndProject
Project("{9A19103F-16F7-4668-BE54-9A1E7A4F7556}") = "R5T.T0158", "..\..\R5T.T0158\source\R5T.T0158\R5T.T0158.csproj", "{F3481146-A4E3-425E-9BE2-93BFE98B1D0B}"
EndProject
Project("{9A19103F-16F7-4668-BE54-9A1E7A4F7556}") = "R5T.T0159.F000", "..\..\R5T.T0159\source\R5T.T0159.F000\R5T.T0159.F000.csproj", "{8655D191-0809-453E-914A-223AB9386B6B}"
EndProject
Project("{9A19103F-16F7-4668-BE54-9A1E7A4F7556}") = "R5T.T0159", "..\..\R5T.T0159\source\R5T.T0159\R5T.T0159.csproj", "{91B4E3A6-2427-43DE-81C8-8F276E837A3E}"
EndProject
Project("{9A19103F-16F7-4668-BE54-9A1E7A4F7556}") = "R5T.T0161", "..\..\R5T.T0161\source\R5T.T0161\R5T.T0161.csproj", "{74992672-17A7-43D4-9E6E-AE6B0D3559A0}"
EndProject
Project("{9A19103F-16F7-4668-BE54-9A1E7A4F7556}") = "R5T.T0172", "..\..\R5T.T0172\source\R5T.T0172\R5T.T0172.csproj", "{D200ABA7-CA16-434E-9A02-06C92D0F2375}"
EndProject
Project("{9A19103F-16F7-4668-BE54-9A1E7A4F7556}") = "R5T.T0174", "..\..\R5T.T0174\source\R5T.T0174\R5T.T0174.csproj", "{F54E38BC-6BE3-49CF-97F4-C0D106C05685}"
EndProject
Project("{9A19103F-16F7-4668-BE54-9A1E7A4F7556}") = "R5T.T0176", "..\..\R5T.T0176\source\R5T.T0176\R5T.T0176.csproj", "{A7F97FC1-8256-4DD0-8A14-AD5601C9E586}"
EndProject
Project("{9A19103F-16F7-4668-BE54-9A1E7A4F7556}") = "R5T.T0177", "..\..\R5T.T0177\source\R5T.T0177\R5T.T0177.csproj", "{E30FF122-D6C5-4D55-B2C9-09C09B070B1D}"
EndProject
Project("{9A19103F-16F7-4668-BE54-9A1E7A4F7556}") = "R5T.T0178", "..\..\R5T.T0178\source\R5T.T0178\R5T.T0178.csproj", "{B546D4C7-9742-435A-A89C-7370CAC7F1F2}"
EndProject
Project("{9A19103F-16F7-4668-BE54-9A1E7A4F7556}") = "R5T.T0179", "..\..\R5T.T0179\source\R5T.T0179\R5T.T0179.csproj", "{21921523-6E1F-4CD4-9C14-A5C61C9683E1}"
EndProject
Project("{9A19103F-16F7-4668-BE54-9A1E7A4F7556}") = "R5T.T0180", "..\..\R5T.T0180\source\R5T.T0180\R5T.T0180.csproj", "{CB924EE8-6D77-434F-ACB4-149364B2389A}"
EndProject
Project("{9A19103F-16F7-4668-BE54-9A1E7A4F7556}") = "R5T.T0181", "..\..\R5T.T0181\source\R5T.T0181\R5T.T0181.csproj", "{31AA576D-5434-44B4-8965-20FDCEB88EFA}"
EndProject
Project("{9A19103F-16F7-4668-BE54-9A1E7A4F7556}") = "R5T.T0184", "..\..\R5T.T0184\source\R5T.T0184\R5T.T0184.csproj", "{599DBA7A-50D5-4D13-8AAC-BEA104238F65}"
EndProject
Project("{9A19103F-16F7-4668-BE54-9A1E7A4F7556}") = "R5T.T0185", "..\..\R5T.T0185\source\R5T.T0185\R5T.T0185.csproj", "{15E32285-D62D-4A79-8A41-B2B327B4137F}"
EndProject
Project("{9A19103F-16F7-4668-BE54-9A1E7A4F7556}") = "R5T.T0186", "..\..\R5T.T0186\source\R5T.T0186\R5T.T0186.csproj", "{4A7CFF0C-BD55-4CD3-B27E-B99FC4949AE3}"
EndProject
Project("{9A19103F-16F7-4668-BE54-9A1E7A4F7556}") = "R5T.T0187", "..\..\R5T.T0187\source\R5T.T0187\R5T.T0187.csproj", "{7E861968-94BF-477D-A768-6EC3EEC55C7A}"
EndProject
Project("{9A19103F-16F7-4668-BE54-9A1E7A4F7556}") = "R5T.T0196", "..\..\R5T.T0196\source\R5T.T0196\R5T.T0196.csproj", "{AC6C1D9D-0046-46E0-BC46-51EEDFCBFFC9}"
EndProject
Project("{9A19103F-16F7-4668-BE54-9A1E7A4F7556}") = "R5T.T0197", "..\..\R5T.T0197\source\R5T.T0197\R5T.T0197.csproj", "{374DACF9-199C-4446-8C6E-F0D430336E72}"
EndProject
Project("{9A19103F-16F7-4668-BE54-9A1E7A4F7556}") = "R5T.T0198", "..\..\R5T.T0198\source\R5T.T0198\R5T.T0198.csproj", "{4CDF2B49-F799-47AB-97F6-034BCE410F7B}"
EndProject
Project("{9A19103F-16F7-4668-BE54-9A1E7A4F7556}") = "R5T.T0199", "..\..\R5T.T0199\source\R5T.T0199\R5T.T0199.csproj", "{384D5B69-0D31-4DD3-8467-8641CE91FA64}"
EndProject
Project("{9A19103F-16F7-4668-BE54-9A1E7A4F7556}") = "R5T.T0200", "..\..\R5T.T0200\source\R5T.T0200\R5T.T0200.csproj", "{30EB4D10-AA5A-4FD9-9D3F-07841608F785}"
EndProject
Project("{9A19103F-16F7-4668-BE54-9A1E7A4F7556}") = "R5T.T0203", "..\..\R5T.T0203\source\R5T.T0203\R5T.T0203.csproj", "{1C54829B-BE6E-46E7-B515-4B6ADFEECDA2}"
EndProject
Project("{9A19103F-16F7-4668-BE54-9A1E7A4F7556}") = "R5T.T0213", "..\..\R5T.T0213\source\R5T.T0213\R5T.T0213.csproj", "{51665E55-26DB-4ABC-9627-4BFEB4470AB8}"
EndProject
Project("{9A19103F-16F7-4668-BE54-9A1E7A4F7556}") = "R5T.T0214.Z001", "..\..\R5T.T0214\source\R5T.T0214.Z001\R5T.T0214.Z001.csproj", "{42B8359B-D17A-407D-943D-E4CA79F18892}"
EndProject
Project("{9A19103F-16F7-4668-BE54-9A1E7A4F7556}") = "R5T.T0214", "..\..\R5T.T0214\source\R5T.T0214\R5T.T0214.csproj", "{CDBEBB63-D18C-407E-8E87-0EBB7F981A53}"
EndProject
Project("{9A19103F-16F7-4668-BE54-9A1E7A4F7556}") = "R5T.T0215.Z000", "..\..\R5T.T0215\source\R5T.T0215.Z000\R5T.T0215.Z000.csproj", "{E5CBD36B-7570-4425-8F1C-08A2DFA58E39}"
EndProject
Project("{9A19103F-16F7-4668-BE54-9A1E7A4F7556}") = "R5T.T0215", "..\..\R5T.T0215\source\R5T.T0215\R5T.T0215.csproj", "{3A5BCA6E-DECF-4E78-B686-3D94DE8D912E}"
EndProject
Project("{9A19103F-16F7-4668-BE54-9A1E7A4F7556}") = "R5T.T0216.F001", "..\..\R5T.T0216\source\R5T.T0216.F001\R5T.T0216.F001.csproj", "{E86C5846-836B-4579-A06B-44FB64B02257}"
EndProject
Project("{9A19103F-16F7-4668-BE54-9A1E7A4F7556}") = "R5T.T0216", "..\..\R5T.T0216\source\R5T.T0216\R5T.T0216.csproj", "{74419669-DAA3-41A0-A6EB-0EF3CB217051}"
EndProject
Project("{9A19103F-16F7-4668-BE54-9A1E7A4F7556}") = "R5T.T0217.F001", "..\..\R5T.T0217\source\R5T.T0217.F001\R5T.T0217.F001.csproj", "{FFBF62DA-BFFC-4115-A1C2-9676E98F3798}"
EndProject
Project("{9A19103F-16F7-4668-BE54-9A1E7A4F7556}") = "R5T.T0217", "..\..\R5T.T0217\source\R5T.T0217\R5T.T0217.csproj", "{43FF11B7-14FA-421A-BCD5-C818DBF9C868}"
EndProject
Project("{9A19103F-16F7-4668-BE54-9A1E7A4F7556}") = "R5T.T0218", "..\..\R5T.T0218\source\R5T.T0218\R5T.T0218.csproj", "{AFB86BDD-2552-4CF3-A1D0-DBAC0B41FD9D}"
EndProject
Project("{9A19103F-16F7-4668-BE54-9A1E7A4F7556}") = "R5T.T0219", "..\..\R5T.T0219\source\R5T.T0219\R5T.T0219.csproj", "{9C7AF42A-BAAD-4A07-B3E8-B33E8C64A5C6}"
EndProject
Project("{9A19103F-16F7-4668-BE54-9A1E7A4F7556}") = "R5T.T0220", "..\..\R5T.T0220\source\R5T.T0220\R5T.T0220.csproj", "{6C632CA1-F21C-4391-9DEC-25F734674315}"
EndProject
Project("{9A19103F-16F7-4668-BE54-9A1E7A4F7556}") = "R5T.T0221", "..\..\R5T.T0221\source\R5T.T0221\R5T.T0221.csproj", "{E6204B59-6782-4A39-AE73-C470FA6C1468}"
EndProject
Project("{9A19103F-16F7-4668-BE54-9A1E7A4F7556}") = "R5T.T0224", "..\..\R5T.T0224\source\R5T.T0224\R5T.T0224.csproj", "{AF5F2F5E-7D95-404D-8FC5-14964DFCC98E}"
EndProject
Project("{9A19103F-16F7-4668-BE54-9A1E7A4F7556}") = "R5T.T0227", "..\..\R5T.T0227\source\R5T.T0227\R5T.T0227.csproj", "{880DCBF6-1E6A-4854-9CF6-FC8F9DD2E305}"
EndProject
Project("{9A19103F-16F7-4668-BE54-9A1E7A4F7556}") = "R5T.Y0000", "..\..\R5T.Y0000\source\R5T.Y0000\R5T.Y0000.csproj", "{67BFA9BD-AC62-4D39-BD94-39B2126CEACE}"
EndProject
Project("{9A19103F-16F7-4668-BE54-9A1E7A4F7556}") = "R5T.Z0000", "..\..\R5T.Z0000\source\R5T.Z0000\R5T.Z0000.csproj", "{9388EDB0-76D8-4162-89E0-F00A3D59F8E7}"
EndProject
Project("{9A19103F-16F7-4668-BE54-9A1E7A4F7556}") = "R5T.Z0010.Platform", "..\..\R5T.Z0010\source\R5T.Z0010.Platform\R5T.Z0010.Platform.csproj", "{0146BFF4-CC86-4628-9E99-D1BF27875272}"
EndProject
Project("{9A19103F-16F7-4668-BE54-9A1E7A4F7556}") = "R5T.Z0010", "..\..\R5T.Z0010\source\R5T.Z0010\R5T.Z0010.csproj", "{6B810947-A072-4B4C-B665-41CF15FF9317}"
EndProject
Project("{9A19103F-16F7-4668-BE54-9A1E7A4F7556}") = "R5T.Z0012", "..\..\R5T.Z0012\source\R5T.Z0012\R5T.Z0012.csproj", "{26EDBB05-2493-40A2-B529-9FC48B92E60B}"
EndProject
Project("{9A19103F-16F7-4668-BE54-9A1E7A4F7556}") = "R5T.Z0044.Z000", "..\..\R5T.Z0044\source\R5T.Z0044.Z000\R5T.Z0044.Z000.csproj", "{100976B3-A73B-4049-B7B0-F8CE7A6344C8}"
EndProject
Project("{9A19103F-16F7-4668-BE54-9A1E7A4F7556}") = "R5T.Z0046.Platform", "..\..\R5T.Z0046\source\R5T.Z0046.Platform\R5T.Z0046.Platform.csproj", "{DD114BAA-7B6E-43E0-A7EA-0EDD3301BF71}"
EndProject
Project("{9A19103F-16F7-4668-BE54-9A1E7A4F7556}") = "R5T.Z0046", "..\..\R5T.Z0046\source\R5T.Z0046\R5T.Z0046.csproj", "{78641E7A-56E7-441A-9DDE-8E6560830F7E}"
EndProject
Project("{9A19103F-16F7-4668-BE54-9A1E7A4F7556}") = "R5T.Z0057.Platform", "..\..\R5T.Z0057\source\R5T.Z0057.Platform\R5T.Z0057.Platform.csproj", "{9FD59DFC-D968-4AEC-9BC5-2B6E7CFB0F24}"
EndProject
Project("{9A19103F-16F7-4668-BE54-9A1E7A4F7556}") = "R5T.Z0057", "..\..\R5T.Z0057\source\R5T.Z0057\R5T.Z0057.csproj", "{2CE02B75-73A9-4FD4-832C-FCE6A9975EE8}"
EndProject
Project("{9A19103F-16F7-4668-BE54-9A1E7A4F7556}") = "R5T.Z0058", "..\..\R5T.Z0058\source\R5T.Z0058\R5T.Z0058.csproj", "{C0EB8C76-F11C-456F-B510-2FFE899CBB35}"
EndProject
Project("{9A19103F-16F7-4668-BE54-9A1E7A4F7556}") = "R5T.Z0063.Platform", "..\..\R5T.Z0063\source\R5T.Z0063.Platform\R5T.Z0063.Platform.csproj", "{4130866F-D8E6-46F3-935E-E0B5F957F21E}"
EndProject
Project("{9A19103F-16F7-4668-BE54-9A1E7A4F7556}") = "R5T.Z0063", "..\..\R5T.Z0063\source\R5T.Z0063\R5T.Z0063.csproj", "{7E0B23A5-0D93-45B0-AC50-8E74D555306E}"
EndProject
Project("{9A19103F-16F7-4668-BE54-9A1E7A4F7556}") = "R5T.F0016.F001", "..\..\R5T.F0016\source\R5T.F0016.F001\R5T.F0016.F001.csproj", "{87FA8526-B423-4497-BAF3-1421927279CB}"
EndProject
Project("{9A19103F-16F7-4668-BE54-9A1E7A4F7556}") = "R5T.F0016", "..\..\R5T.F0016\source\R5T.F0016\R5T.F0016.csproj", "{02D07D8E-3A76-4795-A967-1177D89A44B0}"
EndProject
Project("{9A19103F-16F7-4668-BE54-9A1E7A4F7556}") = "R5T.F0026", "..\..\R5T.F0026\source\R5T.F0026\R5T.F0026.csproj", "{D287DC04-9CE7-42CB-BF99-DA12BAD9950E}"
EndProject
Project("{9A19103F-16F7-4668-BE54-9A1E7A4F7556}") = "R5T.F0027", "..\..\R5T.F0027\source\R5T.F0027\R5T.F0027.csproj", "{68FC78C7-96E3-4C38-B57B-A92103EA6C0C}"
EndProject
Project("{9A19103F-16F7-4668-BE54-9A1E7A4F7556}") = "R5T.F0032", "..\..\R5T.F0032\source\R5T.F0032\R5T.F0032.csproj", "{B6F17CDC-E458-44A5-8744-32648A7A5663}"
EndProject
Project("{9A19103F-16F7-4668-BE54-9A1E7A4F7556}") = "R5T.F0052", "..\..\R5T.F0052\source\R5T.F0052\R5T.F0052.csproj", "{08A1412B-BD2F-4E5B-BEA9-5312A3B56FDB}"
EndProject
Project("{9A19103F-16F7-4668-BE54-9A1E7A4F7556}") = "R5T.F0053", "..\..\R5T.F0053\source\R5T.F0053\R5T.F0053.csproj", "{D50F7466-C4DE-46F0-8C7B-2023D939AC95}"
EndProject
Project("{9A19103F-16F7-4668-BE54-9A1E7A4F7556}") = "R5T.F0054", "..\..\R5T.F0054\source\R5T.F0054\R5T.F0054.csproj", "{CCB167B4-46F7-48E7-B710-3C136C7A1B97}"
EndProject
Project("{9A19103F-16F7-4668-BE54-9A1E7A4F7556}") = "R5T.F0076", "..\..\R5T.F0076\source\R5T.F0076\R5T.F0076.csproj", "{0B941D2C-EFCD-4422-B630-CDCADE212147}"
EndProject
Project("{9A19103F-16F7-4668-BE54-9A1E7A4F7556}") = "R5T.F0077", "..\..\R5T.F0077\source\R5T.F0077\R5T.F0077.csproj", "{484A8096-E2B8-41D7-A774-7FF029DEB4F0}"
EndProject
Project("{9A19103F-16F7-4668-BE54-9A1E7A4F7556}") = "R5T.F0112", "..\..\R5T.F0112\source\R5T.F0112\R5T.F0112.csproj", "{AC938940-D13C-44FC-9258-AA990C4011E3}"
EndProject
Project("{9A19103F-16F7-4668-BE54-9A1E7A4F7556}") = "R5T.L0067", "..\..\R5T.L0067\source\R5T.L0067\R5T.L0067.csproj", "{CB0F280F-7E0A-4EFA-B9E7-FCE6472CA30B}"
EndProject
Project("{9A19103F-16F7-4668-BE54-9A1E7A4F7556}") = "R5T.L0068", "..\..\R5T.L0068\source\R5T.L0068\R5T.L0068.csproj", "{2FFB8E5A-1D68-449E-B123-35BEAED05AB5}"
EndProject
Project("{9A19103F-16F7-4668-BE54-9A1E7A4F7556}") = "R5T.NG0008", "..\..\R5T.NG0008\source\R5T.NG0008\R5T.NG0008.csproj", "{4D067D09-D59E-49F2-9302-804DFBFC09AB}"
EndProject
Project("{9A19103F-16F7-4668-BE54-9A1E7A4F7556}") = "R5T.Z0011", "..\..\R5T.Z0011\source\R5T.Z0011\R5T.Z0011.csproj", "{FC067E79-B8B7-40C8-91B1-29434F5255A6}"
EndProject
Project("{9A19103F-16F7-4668-BE54-9A1E7A4F7556}") = "R5T.Z0040", "..\..\R5T.Z0040\source\R5T.Z0040\R5T.Z0040.csproj", "{DB7579D1-7FB0-4629-8471-D4A2C3B1F2E5}"
EndProject
Global
	GlobalSection(NestedProjects) = preSolution
		{E45CAB1B-7259-4165-8726-AFEB8709736F} = {7CDF6AE0-3A93-406A-829C-DAC73A9A3111}
		{32B723F3-B755-41EE-B22D-443583BE778D} = {7CDF6AE0-3A93-406A-829C-DAC73A9A3111}
		{86BC753D-EC1F-4B0F-88A6-81BBEB37192D} = {7CDF6AE0-3A93-406A-829C-DAC73A9A3111}
		{B44363DF-DF35-4A44-AB74-632AA942A90A} = {7CDF6AE0-3A93-406A-829C-DAC73A9A3111}
		{7F7F9B3D-3705-4900-AC20-64F1A0B2FDBF} = {7CDF6AE0-3A93-406A-829C-DAC73A9A3111}
		{BF8CC6C6-DAAD-4C17-8836-3ADAB1B90AAA} = {7CDF6AE0-3A93-406A-829C-DAC73A9A3111}
		{F942D067-5CD5-434F-BCB1-8E20E665AF34} = {7CDF6AE0-3A93-406A-829C-DAC73A9A3111}
		{8DD6A258-7E6B-43D6-B24B-52B25558C1FF} = {7CDF6AE0-3A93-406A-829C-DAC73A9A3111}
		{410C6021-2C17-4178-8ED5-469C1688AEE9} = {7CDF6AE0-3A93-406A-829C-DAC73A9A3111}
		{5B4DCDAD-3814-44A5-8D5C-05E02D8CC0AF} = {7CDF6AE0-3A93-406A-829C-DAC73A9A3111}
		{1B59881A-04A5-4597-8364-C5DD6C83A6DC} = {7CDF6AE0-3A93-406A-829C-DAC73A9A3111}
		{ACD17E61-D9B1-4699-94C8-6A240E29F87B} = {7CDF6AE0-3A93-406A-829C-DAC73A9A3111}
		{1874C7BC-F5C5-43C3-B2CF-CB07B9FF6787} = {7CDF6AE0-3A93-406A-829C-DAC73A9A3111}
		{0A6DE939-8B03-40F9-8A45-D5AB4ED0FB73} = {7CDF6AE0-3A93-406A-829C-DAC73A9A3111}
		{06F96D03-3BB2-4B53-A5D7-DFC49CCFE79F} = {7CDF6AE0-3A93-406A-829C-DAC73A9A3111}
		{1A77DD04-D874-4ECB-BFDE-989DB8F00150} = {7CDF6AE0-3A93-406A-829C-DAC73A9A3111}
		{121B2B8E-BFA9-440F-9B41-E9C0E3597FAB} = {7CDF6AE0-3A93-406A-829C-DAC73A9A3111}
		{D14694BF-ECD8-4028-A04E-F600ACB40513} = {7CDF6AE0-3A93-406A-829C-DAC73A9A3111}
		{D28CDE85-E4BB-4580-AD43-902680D00734} = {7CDF6AE0-3A93-406A-829C-DAC73A9A3111}
		{AE60653E-8537-4CC6-81B7-882894C60504} = {7CDF6AE0-3A93-406A-829C-DAC73A9A3111}
		{FAB469EF-F8D9-4C7D-8F4C-9CED2D882C93} = {7CDF6AE0-3A93-406A-829C-DAC73A9A3111}
		{18D363C1-E633-4642-A238-7F9EF2C32159} = {7CDF6AE0-3A93-406A-829C-DAC73A9A3111}
		{A7D88242-51D0-44AF-8417-94B877491538} = {7CDF6AE0-3A93-406A-829C-DAC73A9A3111}
		{BD29DE17-0869-49A4-99DF-4CF3EF4ADAB9} = {7CDF6AE0-3A93-406A-829C-DAC73A9A3111}
		{2B991F71-1A06-4F5D-8EB5-2FD8475BA9F5} = {7CDF6AE0-3A93-406A-829C-DAC73A9A3111}
		{726A0AD8-75E1-4D21-BB5D-E685A94E389F} = {7CDF6AE0-3A93-406A-829C-DAC73A9A3111}
		{1F3A9D04-D163-408E-907F-76E32B10ED32} = {7CDF6AE0-3A93-406A-829C-DAC73A9A3111}
		{CE204010-55E2-455B-8C40-141B3FD90BFB} = {7CDF6AE0-3A93-406A-829C-DAC73A9A3111}
		{C81BA6FE-02B2-44F4-B855-261C91C32414} = {7CDF6AE0-3A93-406A-829C-DAC73A9A3111}
		{2F59F8F9-9A70-4951-9B08-8465AF1B1FE2} = {7CDF6AE0-3A93-406A-829C-DAC73A9A3111}
		{EA5AE5CB-47DD-4182-BCE7-C5611DB43A92} = {7CDF6AE0-3A93-406A-829C-DAC73A9A3111}
		{FA5FDB34-9236-40E1-806D-F36123051AB6} = {7CDF6AE0-3A93-406A-829C-DAC73A9A3111}
		{B4627477-7035-4566-AA28-0E9E624F45F7} = {7CDF6AE0-3A93-406A-829C-DAC73A9A3111}
		{3CA7B3EC-FB09-4C20-B088-3C7D0DDA8E94} = {7CDF6AE0-3A93-406A-829C-DAC73A9A3111}
		{325BF696-B02A-4ACD-92A7-168B9F6A24F2} = {7CDF6AE0-3A93-406A-829C-DAC73A9A3111}
		{513DDBFD-9386-441B-BA75-0443F17328DD} = {7CDF6AE0-3A93-406A-829C-DAC73A9A3111}
		{6E9E023A-7826-4CEE-8532-41A2A8FAF4C2} = {7CDF6AE0-3A93-406A-829C-DAC73A9A3111}
		{B305A878-D204-4D48-A1EF-C2E93C0E2FB0} = {7CDF6AE0-3A93-406A-829C-DAC73A9A3111}
		{195AF02F-4290-4C14-AC6D-F797EDF5E372} = {7CDF6AE0-3A93-406A-829C-DAC73A9A3111}
		{77D57EE6-8DC2-4809-B2DA-9F853EB2A971} = {7CDF6AE0-3A93-406A-829C-DAC73A9A3111}
		{A58CA456-B2F0-457E-B5CD-76AA846AB2C8} = {7CDF6AE0-3A93-406A-829C-DAC73A9A3111}
		{C9BDC286-0BAF-4E29-BE55-D9F51F11497C} = {7CDF6AE0-3A93-406A-829C-DAC73A9A3111}
		{B0441249-26E6-4596-BB17-93FCDCF9A0E9} = {7CDF6AE0-3A93-406A-829C-DAC73A9A3111}
		{52C20CD7-5BC1-46A7-A91D-4B63A8479651} = {7CDF6AE0-3A93-406A-829C-DAC73A9A3111}
		{30145A78-361D-4EAA-84A2-5868795061B0} = {7CDF6AE0-3A93-406A-829C-DAC73A9A3111}
		{85BB5BE2-7B14-4C7E-A65E-7D7F181BB3B8} = {7CDF6AE0-3A93-406A-829C-DAC73A9A3111}
		{10F5A83A-E9FA-4E8A-A637-A1E7C7CA4134} = {7CDF6AE0-3A93-406A-829C-DAC73A9A3111}
		{F3481146-A4E3-425E-9BE2-93BFE98B1D0B} = {7CDF6AE0-3A93-406A-829C-DAC73A9A3111}
		{8655D191-0809-453E-914A-223AB9386B6B} = {7CDF6AE0-3A93-406A-829C-DAC73A9A3111}
		{91B4E3A6-2427-43DE-81C8-8F276E837A3E} = {7CDF6AE0-3A93-406A-829C-DAC73A9A3111}
		{74992672-17A7-43D4-9E6E-AE6B0D3559A0} = {7CDF6AE0-3A93-406A-829C-DAC73A9A3111}
		{D200ABA7-CA16-434E-9A02-06C92D0F2375} = {7CDF6AE0-3A93-406A-829C-DAC73A9A3111}
		{F54E38BC-6BE3-49CF-97F4-C0D106C05685} = {7CDF6AE0-3A93-406A-829C-DAC73A9A3111}
		{A7F97FC1-8256-4DD0-8A14-AD5601C9E586} = {7CDF6AE0-3A93-406A-829C-DAC73A9A3111}
		{E30FF122-D6C5-4D55-B2C9-09C09B070B1D} = {7CDF6AE0-3A93-406A-829C-DAC73A9A3111}
		{B546D4C7-9742-435A-A89C-7370CAC7F1F2} = {7CDF6AE0-3A93-406A-829C-DAC73A9A3111}
		{21921523-6E1F-4CD4-9C14-A5C61C9683E1} = {7CDF6AE0-3A93-406A-829C-DAC73A9A3111}
		{CB924EE8-6D77-434F-ACB4-149364B2389A} = {7CDF6AE0-3A93-406A-829C-DAC73A9A3111}
		{31AA576D-5434-44B4-8965-20FDCEB88EFA} = {7CDF6AE0-3A93-406A-829C-DAC73A9A3111}
		{599DBA7A-50D5-4D13-8AAC-BEA104238F65} = {7CDF6AE0-3A93-406A-829C-DAC73A9A3111}
		{15E32285-D62D-4A79-8A41-B2B327B4137F} = {7CDF6AE0-3A93-406A-829C-DAC73A9A3111}
		{4A7CFF0C-BD55-4CD3-B27E-B99FC4949AE3} = {7CDF6AE0-3A93-406A-829C-DAC73A9A3111}
		{7E861968-94BF-477D-A768-6EC3EEC55C7A} = {7CDF6AE0-3A93-406A-829C-DAC73A9A3111}
		{AC6C1D9D-0046-46E0-BC46-51EEDFCBFFC9} = {7CDF6AE0-3A93-406A-829C-DAC73A9A3111}
		{374DACF9-199C-4446-8C6E-F0D430336E72} = {7CDF6AE0-3A93-406A-829C-DAC73A9A3111}
		{4CDF2B49-F799-47AB-97F6-034BCE410F7B} = {7CDF6AE0-3A93-406A-829C-DAC73A9A3111}
		{384D5B69-0D31-4DD3-8467-8641CE91FA64} = {7CDF6AE0-3A93-406A-829C-DAC73A9A3111}
		{30EB4D10-AA5A-4FD9-9D3F-07841608F785} = {7CDF6AE0-3A93-406A-829C-DAC73A9A3111}
		{1C54829B-BE6E-46E7-B515-4B6ADFEECDA2} = {7CDF6AE0-3A93-406A-829C-DAC73A9A3111}
		{51665E55-26DB-4ABC-9627-4BFEB4470AB8} = {7CDF6AE0-3A93-406A-829C-DAC73A9A3111}
		{42B8359B-D17A-407D-943D-E4CA79F18892} = {7CDF6AE0-3A93-406A-829C-DAC73A9A3111}
		{CDBEBB63-D18C-407E-8E87-0EBB7F981A53} = {7CDF6AE0-3A93-406A-829C-DAC73A9A3111}
		{E5CBD36B-7570-4425-8F1C-08A2DFA58E39} = {7CDF6AE0-3A93-406A-829C-DAC73A9A3111}
		{3A5BCA6E-DECF-4E78-B686-3D94DE8D912E} = {7CDF6AE0-3A93-406A-829C-DAC73A9A3111}
		{E86C5846-836B-4579-A06B-44FB64B02257} = {7CDF6AE0-3A93-406A-829C-DAC73A9A3111}
		{74419669-DAA3-41A0-A6EB-0EF3CB217051} = {7CDF6AE0-3A93-406A-829C-DAC73A9A3111}
		{FFBF62DA-BFFC-4115-A1C2-9676E98F3798} = {7CDF6AE0-3A93-406A-829C-DAC73A9A3111}
		{43FF11B7-14FA-421A-BCD5-C818DBF9C868} = {7CDF6AE0-3A93-406A-829C-DAC73A9A3111}
		{AFB86BDD-2552-4CF3-A1D0-DBAC0B41FD9D} = {7CDF6AE0-3A93-406A-829C-DAC73A9A3111}
		{9C7AF42A-BAAD-4A07-B3E8-B33E8C64A5C6} = {7CDF6AE0-3A93-406A-829C-DAC73A9A3111}
		{6C632CA1-F21C-4391-9DEC-25F734674315} = {7CDF6AE0-3A93-406A-829C-DAC73A9A3111}
		{E6204B59-6782-4A39-AE73-C470FA6C1468} = {7CDF6AE0-3A93-406A-829C-DAC73A9A3111}
		{AF5F2F5E-7D95-404D-8FC5-14964DFCC98E} = {7CDF6AE0-3A93-406A-829C-DAC73A9A3111}
		{880DCBF6-1E6A-4854-9CF6-FC8F9DD2E305} = {7CDF6AE0-3A93-406A-829C-DAC73A9A3111}
		{67BFA9BD-AC62-4D39-BD94-39B2126CEACE} = {7CDF6AE0-3A93-406A-829C-DAC73A9A3111}
		{9388EDB0-76D8-4162-89E0-F00A3D59F8E7} = {7CDF6AE0-3A93-406A-829C-DAC73A9A3111}
		{0146BFF4-CC86-4628-9E99-D1BF27875272} = {7CDF6AE0-3A93-406A-829C-DAC73A9A3111}
		{6B810947-A072-4B4C-B665-41CF15FF9317} = {7CDF6AE0-3A93-406A-829C-DAC73A9A3111}
		{26EDBB05-2493-40A2-B529-9FC48B92E60B} = {7CDF6AE0-3A93-406A-829C-DAC73A9A3111}
		{100976B3-A73B-4049-B7B0-F8CE7A6344C8} = {7CDF6AE0-3A93-406A-829C-DAC73A9A3111}
		{DD114BAA-7B6E-43E0-A7EA-0EDD3301BF71} = {7CDF6AE0-3A93-406A-829C-DAC73A9A3111}
		{78641E7A-56E7-441A-9DDE-8E6560830F7E} = {7CDF6AE0-3A93-406A-829C-DAC73A9A3111}
		{9FD59DFC-D968-4AEC-9BC5-2B6E7CFB0F24} = {7CDF6AE0-3A93-406A-829C-DAC73A9A3111}
		{2CE02B75-73A9-4FD4-832C-FCE6A9975EE8} = {7CDF6AE0-3A93-406A-829C-DAC73A9A3111}
		{C0EB8C76-F11C-456F-B510-2FFE899CBB35} = {7CDF6AE0-3A93-406A-829C-DAC73A9A3111}
		{4130866F-D8E6-46F3-935E-E0B5F957F21E} = {7CDF6AE0-3A93-406A-829C-DAC73A9A3111}
		{7E0B23A5-0D93-45B0-AC50-8E74D555306E} = {7CDF6AE0-3A93-406A-829C-DAC73A9A3111}
		{87FA8526-B423-4497-BAF3-1421927279CB} = {7CDF6AE0-3A93-406A-829C-DAC73A9A3111}
		{02D07D8E-3A76-4795-A967-1177D89A44B0} = {7CDF6AE0-3A93-406A-829C-DAC73A9A3111}
		{D287DC04-9CE7-42CB-BF99-DA12BAD9950E} = {7CDF6AE0-3A93-406A-829C-DAC73A9A3111}
		{68FC78C7-96E3-4C38-B57B-A92103EA6C0C} = {7CDF6AE0-3A93-406A-829C-DAC73A9A3111}
		{B6F17CDC-E458-44A5-8744-32648A7A5663} = {7CDF6AE0-3A93-406A-829C-DAC73A9A3111}
		{08A1412B-BD2F-4E5B-BEA9-5312A3B56FDB} = {7CDF6AE0-3A93-406A-829C-DAC73A9A3111}
		{D50F7466-C4DE-46F0-8C7B-2023D939AC95} = {7CDF6AE0-3A93-406A-829C-DAC73A9A3111}
		{CCB167B4-46F7-48E7-B710-3C136C7A1B97} = {7CDF6AE0-3A93-406A-829C-DAC73A9A3111}
		{0B941D2C-EFCD-4422-B630-CDCADE212147} = {7CDF6AE0-3A93-406A-829C-DAC73A9A3111}
		{484A8096-E2B8-41D7-A774-7FF029DEB4F0} = {7CDF6AE0-3A93-406A-829C-DAC73A9A3111}
		{AC938940-D13C-44FC-9258-AA990C4011E3} = {7CDF6AE0-3A93-406A-829C-DAC73A9A3111}
		{CB0F280F-7E0A-4EFA-B9E7-FCE6472CA30B} = {7CDF6AE0-3A93-406A-829C-DAC73A9A3111}
		{2FFB8E5A-1D68-449E-B123-35BEAED05AB5} = {7CDF6AE0-3A93-406A-829C-DAC73A9A3111}
		{4D067D09-D59E-49F2-9302-804DFBFC09AB} = {7CDF6AE0-3A93-406A-829C-DAC73A9A3111}
		{FC067E79-B8B7-40C8-91B1-29434F5255A6} = {7CDF6AE0-3A93-406A-829C-DAC73A9A3111}
		{DB7579D1-7FB0-4629-8471-D4A2C3B1F2E5} = {7CDF6AE0-3A93-406A-829C-DAC73A9A3111}
	EndGlobalSection
	GlobalSection(SolutionConfigurationPlatforms) = preSolution
		Debug|Any CPU = Debug|Any CPU
		Release|Any CPU = Release|Any CPU
	EndGlobalSection
	GlobalSection(ProjectConfigurationPlatforms) = postSolution
		{9789A299-6DBF-4BF1-B011-976CD8C04B59}.Debug|Any CPU.ActiveCfg = Debug|Any CPU
		{9789A299-6DBF-4BF1-B011-976CD8C04B59}.Debug|Any CPU.Build.0 = Debug|Any CPU
		{9789A299-6DBF-4BF1-B011-976CD8C04B59}.Release|Any CPU.ActiveCfg = Release|Any CPU
		{9789A299-6DBF-4BF1-B011-976CD8C04B59}.Release|Any CPU.Build.0 = Release|Any CPU
		{E45CAB1B-7259-4165-8726-AFEB8709736F}.Debug|Any CPU.ActiveCfg = Debug|Any CPU
		{E45CAB1B-7259-4165-8726-AFEB8709736F}.Debug|Any CPU.Build.0 = Debug|Any CPU
		{E45CAB1B-7259-4165-8726-AFEB8709736F}.Release|Any CPU.ActiveCfg = Release|Any CPU
		{E45CAB1B-7259-4165-8726-AFEB8709736F}.Release|Any CPU.Build.0 = Release|Any CPU
		{32B723F3-B755-41EE-B22D-443583BE778D}.Debug|Any CPU.ActiveCfg = Debug|Any CPU
		{32B723F3-B755-41EE-B22D-443583BE778D}.Debug|Any CPU.Build.0 = Debug|Any CPU
		{32B723F3-B755-41EE-B22D-443583BE778D}.Release|Any CPU.ActiveCfg = Release|Any CPU
		{32B723F3-B755-41EE-B22D-443583BE778D}.Release|Any CPU.Build.0 = Release|Any CPU
		{86BC753D-EC1F-4B0F-88A6-81BBEB37192D}.Debug|Any CPU.ActiveCfg = Debug|Any CPU
		{86BC753D-EC1F-4B0F-88A6-81BBEB37192D}.Debug|Any CPU.Build.0 = Debug|Any CPU
		{86BC753D-EC1F-4B0F-88A6-81BBEB37192D}.Release|Any CPU.ActiveCfg = Release|Any CPU
		{86BC753D-EC1F-4B0F-88A6-81BBEB37192D}.Release|Any CPU.Build.0 = Release|Any CPU
		{B44363DF-DF35-4A44-AB74-632AA942A90A}.Debug|Any CPU.ActiveCfg = Debug|Any CPU
		{B44363DF-DF35-4A44-AB74-632AA942A90A}.Debug|Any CPU.Build.0 = Debug|Any CPU
		{B44363DF-DF35-4A44-AB74-632AA942A90A}.Release|Any CPU.ActiveCfg = Release|Any CPU
		{B44363DF-DF35-4A44-AB74-632AA942A90A}.Release|Any CPU.Build.0 = Release|Any CPU
		{7F7F9B3D-3705-4900-AC20-64F1A0B2FDBF}.Debug|Any CPU.ActiveCfg = Debug|Any CPU
		{7F7F9B3D-3705-4900-AC20-64F1A0B2FDBF}.Debug|Any CPU.Build.0 = Debug|Any CPU
		{7F7F9B3D-3705-4900-AC20-64F1A0B2FDBF}.Release|Any CPU.ActiveCfg = Release|Any CPU
		{7F7F9B3D-3705-4900-AC20-64F1A0B2FDBF}.Release|Any CPU.Build.0 = Release|Any CPU
		{BF8CC6C6-DAAD-4C17-8836-3ADAB1B90AAA}.Debug|Any CPU.ActiveCfg = Debug|Any CPU
		{BF8CC6C6-DAAD-4C17-8836-3ADAB1B90AAA}.Debug|Any CPU.Build.0 = Debug|Any CPU
		{BF8CC6C6-DAAD-4C17-8836-3ADAB1B90AAA}.Release|Any CPU.ActiveCfg = Release|Any CPU
		{BF8CC6C6-DAAD-4C17-8836-3ADAB1B90AAA}.Release|Any CPU.Build.0 = Release|Any CPU
		{F942D067-5CD5-434F-BCB1-8E20E665AF34}.Debug|Any CPU.ActiveCfg = Debug|Any CPU
		{F942D067-5CD5-434F-BCB1-8E20E665AF34}.Debug|Any CPU.Build.0 = Debug|Any CPU
		{F942D067-5CD5-434F-BCB1-8E20E665AF34}.Release|Any CPU.ActiveCfg = Release|Any CPU
		{F942D067-5CD5-434F-BCB1-8E20E665AF34}.Release|Any CPU.Build.0 = Release|Any CPU
		{8DD6A258-7E6B-43D6-B24B-52B25558C1FF}.Debug|Any CPU.ActiveCfg = Debug|Any CPU
		{8DD6A258-7E6B-43D6-B24B-52B25558C1FF}.Debug|Any CPU.Build.0 = Debug|Any CPU
		{8DD6A258-7E6B-43D6-B24B-52B25558C1FF}.Release|Any CPU.ActiveCfg = Release|Any CPU
		{8DD6A258-7E6B-43D6-B24B-52B25558C1FF}.Release|Any CPU.Build.0 = Release|Any CPU
		{410C6021-2C17-4178-8ED5-469C1688AEE9}.Debug|Any CPU.ActiveCfg = Debug|Any CPU
		{410C6021-2C17-4178-8ED5-469C1688AEE9}.Debug|Any CPU.Build.0 = Debug|Any CPU
		{410C6021-2C17-4178-8ED5-469C1688AEE9}.Release|Any CPU.ActiveCfg = Release|Any CPU
		{410C6021-2C17-4178-8ED5-469C1688AEE9}.Release|Any CPU.Build.0 = Release|Any CPU
		{5B4DCDAD-3814-44A5-8D5C-05E02D8CC0AF}.Debug|Any CPU.ActiveCfg = Debug|Any CPU
		{5B4DCDAD-3814-44A5-8D5C-05E02D8CC0AF}.Debug|Any CPU.Build.0 = Debug|Any CPU
		{5B4DCDAD-3814-44A5-8D5C-05E02D8CC0AF}.Release|Any CPU.ActiveCfg = Release|Any CPU
		{5B4DCDAD-3814-44A5-8D5C-05E02D8CC0AF}.Release|Any CPU.Build.0 = Release|Any CPU
		{1B59881A-04A5-4597-8364-C5DD6C83A6DC}.Debug|Any CPU.ActiveCfg = Debug|Any CPU
		{1B59881A-04A5-4597-8364-C5DD6C83A6DC}.Debug|Any CPU.Build.0 = Debug|Any CPU
		{1B59881A-04A5-4597-8364-C5DD6C83A6DC}.Release|Any CPU.ActiveCfg = Release|Any CPU
		{1B59881A-04A5-4597-8364-C5DD6C83A6DC}.Release|Any CPU.Build.0 = Release|Any CPU
		{ACD17E61-D9B1-4699-94C8-6A240E29F87B}.Debug|Any CPU.ActiveCfg = Debug|Any CPU
		{ACD17E61-D9B1-4699-94C8-6A240E29F87B}.Debug|Any CPU.Build.0 = Debug|Any CPU
		{ACD17E61-D9B1-4699-94C8-6A240E29F87B}.Release|Any CPU.ActiveCfg = Release|Any CPU
		{ACD17E61-D9B1-4699-94C8-6A240E29F87B}.Release|Any CPU.Build.0 = Release|Any CPU
		{1874C7BC-F5C5-43C3-B2CF-CB07B9FF6787}.Debug|Any CPU.ActiveCfg = Debug|Any CPU
		{1874C7BC-F5C5-43C3-B2CF-CB07B9FF6787}.Debug|Any CPU.Build.0 = Debug|Any CPU
		{1874C7BC-F5C5-43C3-B2CF-CB07B9FF6787}.Release|Any CPU.ActiveCfg = Release|Any CPU
		{1874C7BC-F5C5-43C3-B2CF-CB07B9FF6787}.Release|Any CPU.Build.0 = Release|Any CPU
		{0A6DE939-8B03-40F9-8A45-D5AB4ED0FB73}.Debug|Any CPU.ActiveCfg = Debug|Any CPU
		{0A6DE939-8B03-40F9-8A45-D5AB4ED0FB73}.Debug|Any CPU.Build.0 = Debug|Any CPU
		{0A6DE939-8B03-40F9-8A45-D5AB4ED0FB73}.Release|Any CPU.ActiveCfg = Release|Any CPU
		{0A6DE939-8B03-40F9-8A45-D5AB4ED0FB73}.Release|Any CPU.Build.0 = Release|Any CPU
		{06F96D03-3BB2-4B53-A5D7-DFC49CCFE79F}.Debug|Any CPU.ActiveCfg = Debug|Any CPU
		{06F96D03-3BB2-4B53-A5D7-DFC49CCFE79F}.Debug|Any CPU.Build.0 = Debug|Any CPU
		{06F96D03-3BB2-4B53-A5D7-DFC49CCFE79F}.Release|Any CPU.ActiveCfg = Release|Any CPU
		{06F96D03-3BB2-4B53-A5D7-DFC49CCFE79F}.Release|Any CPU.Build.0 = Release|Any CPU
		{1A77DD04-D874-4ECB-BFDE-989DB8F00150}.Debug|Any CPU.ActiveCfg = Debug|Any CPU
		{1A77DD04-D874-4ECB-BFDE-989DB8F00150}.Debug|Any CPU.Build.0 = Debug|Any CPU
		{1A77DD04-D874-4ECB-BFDE-989DB8F00150}.Release|Any CPU.ActiveCfg = Release|Any CPU
		{1A77DD04-D874-4ECB-BFDE-989DB8F00150}.Release|Any CPU.Build.0 = Release|Any CPU
		{121B2B8E-BFA9-440F-9B41-E9C0E3597FAB}.Debug|Any CPU.ActiveCfg = Debug|Any CPU
		{121B2B8E-BFA9-440F-9B41-E9C0E3597FAB}.Debug|Any CPU.Build.0 = Debug|Any CPU
		{121B2B8E-BFA9-440F-9B41-E9C0E3597FAB}.Release|Any CPU.ActiveCfg = Release|Any CPU
		{121B2B8E-BFA9-440F-9B41-E9C0E3597FAB}.Release|Any CPU.Build.0 = Release|Any CPU
		{D14694BF-ECD8-4028-A04E-F600ACB40513}.Debug|Any CPU.ActiveCfg = Debug|Any CPU
		{D14694BF-ECD8-4028-A04E-F600ACB40513}.Debug|Any CPU.Build.0 = Debug|Any CPU
		{D14694BF-ECD8-4028-A04E-F600ACB40513}.Release|Any CPU.ActiveCfg = Release|Any CPU
		{D14694BF-ECD8-4028-A04E-F600ACB40513}.Release|Any CPU.Build.0 = Release|Any CPU
		{D28CDE85-E4BB-4580-AD43-902680D00734}.Debug|Any CPU.ActiveCfg = Debug|Any CPU
		{D28CDE85-E4BB-4580-AD43-902680D00734}.Debug|Any CPU.Build.0 = Debug|Any CPU
		{D28CDE85-E4BB-4580-AD43-902680D00734}.Release|Any CPU.ActiveCfg = Release|Any CPU
		{D28CDE85-E4BB-4580-AD43-902680D00734}.Release|Any CPU.Build.0 = Release|Any CPU
		{AE60653E-8537-4CC6-81B7-882894C60504}.Debug|Any CPU.ActiveCfg = Debug|Any CPU
		{AE60653E-8537-4CC6-81B7-882894C60504}.Debug|Any CPU.Build.0 = Debug|Any CPU
		{AE60653E-8537-4CC6-81B7-882894C60504}.Release|Any CPU.ActiveCfg = Release|Any CPU
		{AE60653E-8537-4CC6-81B7-882894C60504}.Release|Any CPU.Build.0 = Release|Any CPU
		{FAB469EF-F8D9-4C7D-8F4C-9CED2D882C93}.Debug|Any CPU.ActiveCfg = Debug|Any CPU
		{FAB469EF-F8D9-4C7D-8F4C-9CED2D882C93}.Debug|Any CPU.Build.0 = Debug|Any CPU
		{FAB469EF-F8D9-4C7D-8F4C-9CED2D882C93}.Release|Any CPU.ActiveCfg = Release|Any CPU
		{FAB469EF-F8D9-4C7D-8F4C-9CED2D882C93}.Release|Any CPU.Build.0 = Release|Any CPU
		{18D363C1-E633-4642-A238-7F9EF2C32159}.Debug|Any CPU.ActiveCfg = Debug|Any CPU
		{18D363C1-E633-4642-A238-7F9EF2C32159}.Debug|Any CPU.Build.0 = Debug|Any CPU
		{18D363C1-E633-4642-A238-7F9EF2C32159}.Release|Any CPU.ActiveCfg = Release|Any CPU
		{18D363C1-E633-4642-A238-7F9EF2C32159}.Release|Any CPU.Build.0 = Release|Any CPU
		{A7D88242-51D0-44AF-8417-94B877491538}.Debug|Any CPU.ActiveCfg = Debug|Any CPU
		{A7D88242-51D0-44AF-8417-94B877491538}.Debug|Any CPU.Build.0 = Debug|Any CPU
		{A7D88242-51D0-44AF-8417-94B877491538}.Release|Any CPU.ActiveCfg = Release|Any CPU
		{A7D88242-51D0-44AF-8417-94B877491538}.Release|Any CPU.Build.0 = Release|Any CPU
		{BD29DE17-0869-49A4-99DF-4CF3EF4ADAB9}.Debug|Any CPU.ActiveCfg = Debug|Any CPU
		{BD29DE17-0869-49A4-99DF-4CF3EF4ADAB9}.Debug|Any CPU.Build.0 = Debug|Any CPU
		{BD29DE17-0869-49A4-99DF-4CF3EF4ADAB9}.Release|Any CPU.ActiveCfg = Release|Any CPU
		{BD29DE17-0869-49A4-99DF-4CF3EF4ADAB9}.Release|Any CPU.Build.0 = Release|Any CPU
		{2B991F71-1A06-4F5D-8EB5-2FD8475BA9F5}.Debug|Any CPU.ActiveCfg = Debug|Any CPU
		{2B991F71-1A06-4F5D-8EB5-2FD8475BA9F5}.Debug|Any CPU.Build.0 = Debug|Any CPU
		{2B991F71-1A06-4F5D-8EB5-2FD8475BA9F5}.Release|Any CPU.ActiveCfg = Release|Any CPU
		{2B991F71-1A06-4F5D-8EB5-2FD8475BA9F5}.Release|Any CPU.Build.0 = Release|Any CPU
		{726A0AD8-75E1-4D21-BB5D-E685A94E389F}.Debug|Any CPU.ActiveCfg = Debug|Any CPU
		{726A0AD8-75E1-4D21-BB5D-E685A94E389F}.Debug|Any CPU.Build.0 = Debug|Any CPU
		{726A0AD8-75E1-4D21-BB5D-E685A94E389F}.Release|Any CPU.ActiveCfg = Release|Any CPU
		{726A0AD8-75E1-4D21-BB5D-E685A94E389F}.Release|Any CPU.Build.0 = Release|Any CPU
		{1F3A9D04-D163-408E-907F-76E32B10ED32}.Debug|Any CPU.ActiveCfg = Debug|Any CPU
		{1F3A9D04-D163-408E-907F-76E32B10ED32}.Debug|Any CPU.Build.0 = Debug|Any CPU
		{1F3A9D04-D163-408E-907F-76E32B10ED32}.Release|Any CPU.ActiveCfg = Release|Any CPU
		{1F3A9D04-D163-408E-907F-76E32B10ED32}.Release|Any CPU.Build.0 = Release|Any CPU
		{CE204010-55E2-455B-8C40-141B3FD90BFB}.Debug|Any CPU.ActiveCfg = Debug|Any CPU
		{CE204010-55E2-455B-8C40-141B3FD90BFB}.Debug|Any CPU.Build.0 = Debug|Any CPU
		{CE204010-55E2-455B-8C40-141B3FD90BFB}.Release|Any CPU.ActiveCfg = Release|Any CPU
		{CE204010-55E2-455B-8C40-141B3FD90BFB}.Release|Any CPU.Build.0 = Release|Any CPU
		{C81BA6FE-02B2-44F4-B855-261C91C32414}.Debug|Any CPU.ActiveCfg = Debug|Any CPU
		{C81BA6FE-02B2-44F4-B855-261C91C32414}.Debug|Any CPU.Build.0 = Debug|Any CPU
		{C81BA6FE-02B2-44F4-B855-261C91C32414}.Release|Any CPU.ActiveCfg = Release|Any CPU
		{C81BA6FE-02B2-44F4-B855-261C91C32414}.Release|Any CPU.Build.0 = Release|Any CPU
		{2F59F8F9-9A70-4951-9B08-8465AF1B1FE2}.Debug|Any CPU.ActiveCfg = Debug|Any CPU
		{2F59F8F9-9A70-4951-9B08-8465AF1B1FE2}.Debug|Any CPU.Build.0 = Debug|Any CPU
		{2F59F8F9-9A70-4951-9B08-8465AF1B1FE2}.Release|Any CPU.ActiveCfg = Release|Any CPU
		{2F59F8F9-9A70-4951-9B08-8465AF1B1FE2}.Release|Any CPU.Build.0 = Release|Any CPU
		{EA5AE5CB-47DD-4182-BCE7-C5611DB43A92}.Debug|Any CPU.ActiveCfg = Debug|Any CPU
		{EA5AE5CB-47DD-4182-BCE7-C5611DB43A92}.Debug|Any CPU.Build.0 = Debug|Any CPU
		{EA5AE5CB-47DD-4182-BCE7-C5611DB43A92}.Release|Any CPU.ActiveCfg = Release|Any CPU
		{EA5AE5CB-47DD-4182-BCE7-C5611DB43A92}.Release|Any CPU.Build.0 = Release|Any CPU
		{FA5FDB34-9236-40E1-806D-F36123051AB6}.Debug|Any CPU.ActiveCfg = Debug|Any CPU
		{FA5FDB34-9236-40E1-806D-F36123051AB6}.Debug|Any CPU.Build.0 = Debug|Any CPU
		{FA5FDB34-9236-40E1-806D-F36123051AB6}.Release|Any CPU.ActiveCfg = Release|Any CPU
		{FA5FDB34-9236-40E1-806D-F36123051AB6}.Release|Any CPU.Build.0 = Release|Any CPU
		{B4627477-7035-4566-AA28-0E9E624F45F7}.Debug|Any CPU.ActiveCfg = Debug|Any CPU
		{B4627477-7035-4566-AA28-0E9E624F45F7}.Debug|Any CPU.Build.0 = Debug|Any CPU
		{B4627477-7035-4566-AA28-0E9E624F45F7}.Release|Any CPU.ActiveCfg = Release|Any CPU
		{B4627477-7035-4566-AA28-0E9E624F45F7}.Release|Any CPU.Build.0 = Release|Any CPU
		{3CA7B3EC-FB09-4C20-B088-3C7D0DDA8E94}.Debug|Any CPU.ActiveCfg = Debug|Any CPU
		{3CA7B3EC-FB09-4C20-B088-3C7D0DDA8E94}.Debug|Any CPU.Build.0 = Debug|Any CPU
		{3CA7B3EC-FB09-4C20-B088-3C7D0DDA8E94}.Release|Any CPU.ActiveCfg = Release|Any CPU
		{3CA7B3EC-FB09-4C20-B088-3C7D0DDA8E94}.Release|Any CPU.Build.0 = Release|Any CPU
		{325BF696-B02A-4ACD-92A7-168B9F6A24F2}.Debug|Any CPU.ActiveCfg = Debug|Any CPU
		{325BF696-B02A-4ACD-92A7-168B9F6A24F2}.Debug|Any CPU.Build.0 = Debug|Any CPU
		{325BF696-B02A-4ACD-92A7-168B9F6A24F2}.Release|Any CPU.ActiveCfg = Release|Any CPU
		{325BF696-B02A-4ACD-92A7-168B9F6A24F2}.Release|Any CPU.Build.0 = Release|Any CPU
		{513DDBFD-9386-441B-BA75-0443F17328DD}.Debug|Any CPU.ActiveCfg = Debug|Any CPU
		{513DDBFD-9386-441B-BA75-0443F17328DD}.Debug|Any CPU.Build.0 = Debug|Any CPU
		{513DDBFD-9386-441B-BA75-0443F17328DD}.Release|Any CPU.ActiveCfg = Release|Any CPU
		{513DDBFD-9386-441B-BA75-0443F17328DD}.Release|Any CPU.Build.0 = Release|Any CPU
		{6E9E023A-7826-4CEE-8532-41A2A8FAF4C2}.Debug|Any CPU.ActiveCfg = Debug|Any CPU
		{6E9E023A-7826-4CEE-8532-41A2A8FAF4C2}.Debug|Any CPU.Build.0 = Debug|Any CPU
		{6E9E023A-7826-4CEE-8532-41A2A8FAF4C2}.Release|Any CPU.ActiveCfg = Release|Any CPU
		{6E9E023A-7826-4CEE-8532-41A2A8FAF4C2}.Release|Any CPU.Build.0 = Release|Any CPU
		{B305A878-D204-4D48-A1EF-C2E93C0E2FB0}.Debug|Any CPU.ActiveCfg = Debug|Any CPU
		{B305A878-D204-4D48-A1EF-C2E93C0E2FB0}.Debug|Any CPU.Build.0 = Debug|Any CPU
		{B305A878-D204-4D48-A1EF-C2E93C0E2FB0}.Release|Any CPU.ActiveCfg = Release|Any CPU
		{B305A878-D204-4D48-A1EF-C2E93C0E2FB0}.Release|Any CPU.Build.0 = Release|Any CPU
		{195AF02F-4290-4C14-AC6D-F797EDF5E372}.Debug|Any CPU.ActiveCfg = Debug|Any CPU
		{195AF02F-4290-4C14-AC6D-F797EDF5E372}.Debug|Any CPU.Build.0 = Debug|Any CPU
		{195AF02F-4290-4C14-AC6D-F797EDF5E372}.Release|Any CPU.ActiveCfg = Release|Any CPU
		{195AF02F-4290-4C14-AC6D-F797EDF5E372}.Release|Any CPU.Build.0 = Release|Any CPU
		{77D57EE6-8DC2-4809-B2DA-9F853EB2A971}.Debug|Any CPU.ActiveCfg = Debug|Any CPU
		{77D57EE6-8DC2-4809-B2DA-9F853EB2A971}.Debug|Any CPU.Build.0 = Debug|Any CPU
		{77D57EE6-8DC2-4809-B2DA-9F853EB2A971}.Release|Any CPU.ActiveCfg = Release|Any CPU
		{77D57EE6-8DC2-4809-B2DA-9F853EB2A971}.Release|Any CPU.Build.0 = Release|Any CPU
		{A58CA456-B2F0-457E-B5CD-76AA846AB2C8}.Debug|Any CPU.ActiveCfg = Debug|Any CPU
		{A58CA456-B2F0-457E-B5CD-76AA846AB2C8}.Debug|Any CPU.Build.0 = Debug|Any CPU
		{A58CA456-B2F0-457E-B5CD-76AA846AB2C8}.Release|Any CPU.ActiveCfg = Release|Any CPU
		{A58CA456-B2F0-457E-B5CD-76AA846AB2C8}.Release|Any CPU.Build.0 = Release|Any CPU
		{C9BDC286-0BAF-4E29-BE55-D9F51F11497C}.Debug|Any CPU.ActiveCfg = Debug|Any CPU
		{C9BDC286-0BAF-4E29-BE55-D9F51F11497C}.Debug|Any CPU.Build.0 = Debug|Any CPU
		{C9BDC286-0BAF-4E29-BE55-D9F51F11497C}.Release|Any CPU.ActiveCfg = Release|Any CPU
		{C9BDC286-0BAF-4E29-BE55-D9F51F11497C}.Release|Any CPU.Build.0 = Release|Any CPU
		{B0441249-26E6-4596-BB17-93FCDCF9A0E9}.Debug|Any CPU.ActiveCfg = Debug|Any CPU
		{B0441249-26E6-4596-BB17-93FCDCF9A0E9}.Debug|Any CPU.Build.0 = Debug|Any CPU
		{B0441249-26E6-4596-BB17-93FCDCF9A0E9}.Release|Any CPU.ActiveCfg = Release|Any CPU
		{B0441249-26E6-4596-BB17-93FCDCF9A0E9}.Release|Any CPU.Build.0 = Release|Any CPU
		{52C20CD7-5BC1-46A7-A91D-4B63A8479651}.Debug|Any CPU.ActiveCfg = Debug|Any CPU
		{52C20CD7-5BC1-46A7-A91D-4B63A8479651}.Debug|Any CPU.Build.0 = Debug|Any CPU
		{52C20CD7-5BC1-46A7-A91D-4B63A8479651}.Release|Any CPU.ActiveCfg = Release|Any CPU
		{52C20CD7-5BC1-46A7-A91D-4B63A8479651}.Release|Any CPU.Build.0 = Release|Any CPU
		{30145A78-361D-4EAA-84A2-5868795061B0}.Debug|Any CPU.ActiveCfg = Debug|Any CPU
		{30145A78-361D-4EAA-84A2-5868795061B0}.Debug|Any CPU.Build.0 = Debug|Any CPU
		{30145A78-361D-4EAA-84A2-5868795061B0}.Release|Any CPU.ActiveCfg = Release|Any CPU
		{30145A78-361D-4EAA-84A2-5868795061B0}.Release|Any CPU.Build.0 = Release|Any CPU
		{85BB5BE2-7B14-4C7E-A65E-7D7F181BB3B8}.Debug|Any CPU.ActiveCfg = Debug|Any CPU
		{85BB5BE2-7B14-4C7E-A65E-7D7F181BB3B8}.Debug|Any CPU.Build.0 = Debug|Any CPU
		{85BB5BE2-7B14-4C7E-A65E-7D7F181BB3B8}.Release|Any CPU.ActiveCfg = Release|Any CPU
		{85BB5BE2-7B14-4C7E-A65E-7D7F181BB3B8}.Release|Any CPU.Build.0 = Release|Any CPU
		{10F5A83A-E9FA-4E8A-A637-A1E7C7CA4134}.Debug|Any CPU.ActiveCfg = Debug|Any CPU
		{10F5A83A-E9FA-4E8A-A637-A1E7C7CA4134}.Debug|Any CPU.Build.0 = Debug|Any CPU
		{10F5A83A-E9FA-4E8A-A637-A1E7C7CA4134}.Release|Any CPU.ActiveCfg = Release|Any CPU
		{10F5A83A-E9FA-4E8A-A637-A1E7C7CA4134}.Release|Any CPU.Build.0 = Release|Any CPU
		{F3481146-A4E3-425E-9BE2-93BFE98B1D0B}.Debug|Any CPU.ActiveCfg = Debug|Any CPU
		{F3481146-A4E3-425E-9BE2-93BFE98B1D0B}.Debug|Any CPU.Build.0 = Debug|Any CPU
		{F3481146-A4E3-425E-9BE2-93BFE98B1D0B}.Release|Any CPU.ActiveCfg = Release|Any CPU
		{F3481146-A4E3-425E-9BE2-93BFE98B1D0B}.Release|Any CPU.Build.0 = Release|Any CPU
		{8655D191-0809-453E-914A-223AB9386B6B}.Debug|Any CPU.ActiveCfg = Debug|Any CPU
		{8655D191-0809-453E-914A-223AB9386B6B}.Debug|Any CPU.Build.0 = Debug|Any CPU
		{8655D191-0809-453E-914A-223AB9386B6B}.Release|Any CPU.ActiveCfg = Release|Any CPU
		{8655D191-0809-453E-914A-223AB9386B6B}.Release|Any CPU.Build.0 = Release|Any CPU
		{91B4E3A6-2427-43DE-81C8-8F276E837A3E}.Debug|Any CPU.ActiveCfg = Debug|Any CPU
		{91B4E3A6-2427-43DE-81C8-8F276E837A3E}.Debug|Any CPU.Build.0 = Debug|Any CPU
		{91B4E3A6-2427-43DE-81C8-8F276E837A3E}.Release|Any CPU.ActiveCfg = Release|Any CPU
		{91B4E3A6-2427-43DE-81C8-8F276E837A3E}.Release|Any CPU.Build.0 = Release|Any CPU
		{74992672-17A7-43D4-9E6E-AE6B0D3559A0}.Debug|Any CPU.ActiveCfg = Debug|Any CPU
		{74992672-17A7-43D4-9E6E-AE6B0D3559A0}.Debug|Any CPU.Build.0 = Debug|Any CPU
		{74992672-17A7-43D4-9E6E-AE6B0D3559A0}.Release|Any CPU.ActiveCfg = Release|Any CPU
		{74992672-17A7-43D4-9E6E-AE6B0D3559A0}.Release|Any CPU.Build.0 = Release|Any CPU
		{D200ABA7-CA16-434E-9A02-06C92D0F2375}.Debug|Any CPU.ActiveCfg = Debug|Any CPU
		{D200ABA7-CA16-434E-9A02-06C92D0F2375}.Debug|Any CPU.Build.0 = Debug|Any CPU
		{D200ABA7-CA16-434E-9A02-06C92D0F2375}.Release|Any CPU.ActiveCfg = Release|Any CPU
		{D200ABA7-CA16-434E-9A02-06C92D0F2375}.Release|Any CPU.Build.0 = Release|Any CPU
		{F54E38BC-6BE3-49CF-97F4-C0D106C05685}.Debug|Any CPU.ActiveCfg = Debug|Any CPU
		{F54E38BC-6BE3-49CF-97F4-C0D106C05685}.Debug|Any CPU.Build.0 = Debug|Any CPU
		{F54E38BC-6BE3-49CF-97F4-C0D106C05685}.Release|Any CPU.ActiveCfg = Release|Any CPU
		{F54E38BC-6BE3-49CF-97F4-C0D106C05685}.Release|Any CPU.Build.0 = Release|Any CPU
		{A7F97FC1-8256-4DD0-8A14-AD5601C9E586}.Debug|Any CPU.ActiveCfg = Debug|Any CPU
		{A7F97FC1-8256-4DD0-8A14-AD5601C9E586}.Debug|Any CPU.Build.0 = Debug|Any CPU
		{A7F97FC1-8256-4DD0-8A14-AD5601C9E586}.Release|Any CPU.ActiveCfg = Release|Any CPU
		{A7F97FC1-8256-4DD0-8A14-AD5601C9E586}.Release|Any CPU.Build.0 = Release|Any CPU
		{E30FF122-D6C5-4D55-B2C9-09C09B070B1D}.Debug|Any CPU.ActiveCfg = Debug|Any CPU
		{E30FF122-D6C5-4D55-B2C9-09C09B070B1D}.Debug|Any CPU.Build.0 = Debug|Any CPU
		{E30FF122-D6C5-4D55-B2C9-09C09B070B1D}.Release|Any CPU.ActiveCfg = Release|Any CPU
		{E30FF122-D6C5-4D55-B2C9-09C09B070B1D}.Release|Any CPU.Build.0 = Release|Any CPU
		{B546D4C7-9742-435A-A89C-7370CAC7F1F2}.Debug|Any CPU.ActiveCfg = Debug|Any CPU
		{B546D4C7-9742-435A-A89C-7370CAC7F1F2}.Debug|Any CPU.Build.0 = Debug|Any CPU
		{B546D4C7-9742-435A-A89C-7370CAC7F1F2}.Release|Any CPU.ActiveCfg = Release|Any CPU
		{B546D4C7-9742-435A-A89C-7370CAC7F1F2}.Release|Any CPU.Build.0 = Release|Any CPU
		{21921523-6E1F-4CD4-9C14-A5C61C9683E1}.Debug|Any CPU.ActiveCfg = Debug|Any CPU
		{21921523-6E1F-4CD4-9C14-A5C61C9683E1}.Debug|Any CPU.Build.0 = Debug|Any CPU
		{21921523-6E1F-4CD4-9C14-A5C61C9683E1}.Release|Any CPU.ActiveCfg = Release|Any CPU
		{21921523-6E1F-4CD4-9C14-A5C61C9683E1}.Release|Any CPU.Build.0 = Release|Any CPU
		{CB924EE8-6D77-434F-ACB4-149364B2389A}.Debug|Any CPU.ActiveCfg = Debug|Any CPU
		{CB924EE8-6D77-434F-ACB4-149364B2389A}.Debug|Any CPU.Build.0 = Debug|Any CPU
		{CB924EE8-6D77-434F-ACB4-149364B2389A}.Release|Any CPU.ActiveCfg = Release|Any CPU
		{CB924EE8-6D77-434F-ACB4-149364B2389A}.Release|Any CPU.Build.0 = Release|Any CPU
		{31AA576D-5434-44B4-8965-20FDCEB88EFA}.Debug|Any CPU.ActiveCfg = Debug|Any CPU
		{31AA576D-5434-44B4-8965-20FDCEB88EFA}.Debug|Any CPU.Build.0 = Debug|Any CPU
		{31AA576D-5434-44B4-8965-20FDCEB88EFA}.Release|Any CPU.ActiveCfg = Release|Any CPU
		{31AA576D-5434-44B4-8965-20FDCEB88EFA}.Release|Any CPU.Build.0 = Release|Any CPU
		{599DBA7A-50D5-4D13-8AAC-BEA104238F65}.Debug|Any CPU.ActiveCfg = Debug|Any CPU
		{599DBA7A-50D5-4D13-8AAC-BEA104238F65}.Debug|Any CPU.Build.0 = Debug|Any CPU
		{599DBA7A-50D5-4D13-8AAC-BEA104238F65}.Release|Any CPU.ActiveCfg = Release|Any CPU
		{599DBA7A-50D5-4D13-8AAC-BEA104238F65}.Release|Any CPU.Build.0 = Release|Any CPU
		{15E32285-D62D-4A79-8A41-B2B327B4137F}.Debug|Any CPU.ActiveCfg = Debug|Any CPU
		{15E32285-D62D-4A79-8A41-B2B327B4137F}.Debug|Any CPU.Build.0 = Debug|Any CPU
		{15E32285-D62D-4A79-8A41-B2B327B4137F}.Release|Any CPU.ActiveCfg = Release|Any CPU
		{15E32285-D62D-4A79-8A41-B2B327B4137F}.Release|Any CPU.Build.0 = Release|Any CPU
		{4A7CFF0C-BD55-4CD3-B27E-B99FC4949AE3}.Debug|Any CPU.ActiveCfg = Debug|Any CPU
		{4A7CFF0C-BD55-4CD3-B27E-B99FC4949AE3}.Debug|Any CPU.Build.0 = Debug|Any CPU
		{4A7CFF0C-BD55-4CD3-B27E-B99FC4949AE3}.Release|Any CPU.ActiveCfg = Release|Any CPU
		{4A7CFF0C-BD55-4CD3-B27E-B99FC4949AE3}.Release|Any CPU.Build.0 = Release|Any CPU
		{7E861968-94BF-477D-A768-6EC3EEC55C7A}.Debug|Any CPU.ActiveCfg = Debug|Any CPU
		{7E861968-94BF-477D-A768-6EC3EEC55C7A}.Debug|Any CPU.Build.0 = Debug|Any CPU
		{7E861968-94BF-477D-A768-6EC3EEC55C7A}.Release|Any CPU.ActiveCfg = Release|Any CPU
		{7E861968-94BF-477D-A768-6EC3EEC55C7A}.Release|Any CPU.Build.0 = Release|Any CPU
		{AC6C1D9D-0046-46E0-BC46-51EEDFCBFFC9}.Debug|Any CPU.ActiveCfg = Debug|Any CPU
		{AC6C1D9D-0046-46E0-BC46-51EEDFCBFFC9}.Debug|Any CPU.Build.0 = Debug|Any CPU
		{AC6C1D9D-0046-46E0-BC46-51EEDFCBFFC9}.Release|Any CPU.ActiveCfg = Release|Any CPU
		{AC6C1D9D-0046-46E0-BC46-51EEDFCBFFC9}.Release|Any CPU.Build.0 = Release|Any CPU
		{374DACF9-199C-4446-8C6E-F0D430336E72}.Debug|Any CPU.ActiveCfg = Debug|Any CPU
		{374DACF9-199C-4446-8C6E-F0D430336E72}.Debug|Any CPU.Build.0 = Debug|Any CPU
		{374DACF9-199C-4446-8C6E-F0D430336E72}.Release|Any CPU.ActiveCfg = Release|Any CPU
		{374DACF9-199C-4446-8C6E-F0D430336E72}.Release|Any CPU.Build.0 = Release|Any CPU
		{4CDF2B49-F799-47AB-97F6-034BCE410F7B}.Debug|Any CPU.ActiveCfg = Debug|Any CPU
		{4CDF2B49-F799-47AB-97F6-034BCE410F7B}.Debug|Any CPU.Build.0 = Debug|Any CPU
		{4CDF2B49-F799-47AB-97F6-034BCE410F7B}.Release|Any CPU.ActiveCfg = Release|Any CPU
		{4CDF2B49-F799-47AB-97F6-034BCE410F7B}.Release|Any CPU.Build.0 = Release|Any CPU
		{384D5B69-0D31-4DD3-8467-8641CE91FA64}.Debug|Any CPU.ActiveCfg = Debug|Any CPU
		{384D5B69-0D31-4DD3-8467-8641CE91FA64}.Debug|Any CPU.Build.0 = Debug|Any CPU
		{384D5B69-0D31-4DD3-8467-8641CE91FA64}.Release|Any CPU.ActiveCfg = Release|Any CPU
		{384D5B69-0D31-4DD3-8467-8641CE91FA64}.Release|Any CPU.Build.0 = Release|Any CPU
		{30EB4D10-AA5A-4FD9-9D3F-07841608F785}.Debug|Any CPU.ActiveCfg = Debug|Any CPU
		{30EB4D10-AA5A-4FD9-9D3F-07841608F785}.Debug|Any CPU.Build.0 = Debug|Any CPU
		{30EB4D10-AA5A-4FD9-9D3F-07841608F785}.Release|Any CPU.ActiveCfg = Release|Any CPU
		{30EB4D10-AA5A-4FD9-9D3F-07841608F785}.Release|Any CPU.Build.0 = Release|Any CPU
		{1C54829B-BE6E-46E7-B515-4B6ADFEECDA2}.Debug|Any CPU.ActiveCfg = Debug|Any CPU
		{1C54829B-BE6E-46E7-B515-4B6ADFEECDA2}.Debug|Any CPU.Build.0 = Debug|Any CPU
		{1C54829B-BE6E-46E7-B515-4B6ADFEECDA2}.Release|Any CPU.ActiveCfg = Release|Any CPU
		{1C54829B-BE6E-46E7-B515-4B6ADFEECDA2}.Release|Any CPU.Build.0 = Release|Any CPU
		{51665E55-26DB-4ABC-9627-4BFEB4470AB8}.Debug|Any CPU.ActiveCfg = Debug|Any CPU
		{51665E55-26DB-4ABC-9627-4BFEB4470AB8}.Debug|Any CPU.Build.0 = Debug|Any CPU
		{51665E55-26DB-4ABC-9627-4BFEB4470AB8}.Release|Any CPU.ActiveCfg = Release|Any CPU
		{51665E55-26DB-4ABC-9627-4BFEB4470AB8}.Release|Any CPU.Build.0 = Release|Any CPU
		{42B8359B-D17A-407D-943D-E4CA79F18892}.Debug|Any CPU.ActiveCfg = Debug|Any CPU
		{42B8359B-D17A-407D-943D-E4CA79F18892}.Debug|Any CPU.Build.0 = Debug|Any CPU
		{42B8359B-D17A-407D-943D-E4CA79F18892}.Release|Any CPU.ActiveCfg = Release|Any CPU
		{42B8359B-D17A-407D-943D-E4CA79F18892}.Release|Any CPU.Build.0 = Release|Any CPU
		{CDBEBB63-D18C-407E-8E87-0EBB7F981A53}.Debug|Any CPU.ActiveCfg = Debug|Any CPU
		{CDBEBB63-D18C-407E-8E87-0EBB7F981A53}.Debug|Any CPU.Build.0 = Debug|Any CPU
		{CDBEBB63-D18C-407E-8E87-0EBB7F981A53}.Release|Any CPU.ActiveCfg = Release|Any CPU
		{CDBEBB63-D18C-407E-8E87-0EBB7F981A53}.Release|Any CPU.Build.0 = Release|Any CPU
		{E5CBD36B-7570-4425-8F1C-08A2DFA58E39}.Debug|Any CPU.ActiveCfg = Debug|Any CPU
		{E5CBD36B-7570-4425-8F1C-08A2DFA58E39}.Debug|Any CPU.Build.0 = Debug|Any CPU
		{E5CBD36B-7570-4425-8F1C-08A2DFA58E39}.Release|Any CPU.ActiveCfg = Release|Any CPU
		{E5CBD36B-7570-4425-8F1C-08A2DFA58E39}.Release|Any CPU.Build.0 = Release|Any CPU
		{3A5BCA6E-DECF-4E78-B686-3D94DE8D912E}.Debug|Any CPU.ActiveCfg = Debug|Any CPU
		{3A5BCA6E-DECF-4E78-B686-3D94DE8D912E}.Debug|Any CPU.Build.0 = Debug|Any CPU
		{3A5BCA6E-DECF-4E78-B686-3D94DE8D912E}.Release|Any CPU.ActiveCfg = Release|Any CPU
		{3A5BCA6E-DECF-4E78-B686-3D94DE8D912E}.Release|Any CPU.Build.0 = Release|Any CPU
		{E86C5846-836B-4579-A06B-44FB64B02257}.Debug|Any CPU.ActiveCfg = Debug|Any CPU
		{E86C5846-836B-4579-A06B-44FB64B02257}.Debug|Any CPU.Build.0 = Debug|Any CPU
		{E86C5846-836B-4579-A06B-44FB64B02257}.Release|Any CPU.ActiveCfg = Release|Any CPU
		{E86C5846-836B-4579-A06B-44FB64B02257}.Release|Any CPU.Build.0 = Release|Any CPU
		{74419669-DAA3-41A0-A6EB-0EF3CB217051}.Debug|Any CPU.ActiveCfg = Debug|Any CPU
		{74419669-DAA3-41A0-A6EB-0EF3CB217051}.Debug|Any CPU.Build.0 = Debug|Any CPU
		{74419669-DAA3-41A0-A6EB-0EF3CB217051}.Release|Any CPU.ActiveCfg = Release|Any CPU
		{74419669-DAA3-41A0-A6EB-0EF3CB217051}.Release|Any CPU.Build.0 = Release|Any CPU
		{FFBF62DA-BFFC-4115-A1C2-9676E98F3798}.Debug|Any CPU.ActiveCfg = Debug|Any CPU
		{FFBF62DA-BFFC-4115-A1C2-9676E98F3798}.Debug|Any CPU.Build.0 = Debug|Any CPU
		{FFBF62DA-BFFC-4115-A1C2-9676E98F3798}.Release|Any CPU.ActiveCfg = Release|Any CPU
		{FFBF62DA-BFFC-4115-A1C2-9676E98F3798}.Release|Any CPU.Build.0 = Release|Any CPU
		{43FF11B7-14FA-421A-BCD5-C818DBF9C868}.Debug|Any CPU.ActiveCfg = Debug|Any CPU
		{43FF11B7-14FA-421A-BCD5-C818DBF9C868}.Debug|Any CPU.Build.0 = Debug|Any CPU
		{43FF11B7-14FA-421A-BCD5-C818DBF9C868}.Release|Any CPU.ActiveCfg = Release|Any CPU
		{43FF11B7-14FA-421A-BCD5-C818DBF9C868}.Release|Any CPU.Build.0 = Release|Any CPU
		{AFB86BDD-2552-4CF3-A1D0-DBAC0B41FD9D}.Debug|Any CPU.ActiveCfg = Debug|Any CPU
		{AFB86BDD-2552-4CF3-A1D0-DBAC0B41FD9D}.Debug|Any CPU.Build.0 = Debug|Any CPU
		{AFB86BDD-2552-4CF3-A1D0-DBAC0B41FD9D}.Release|Any CPU.ActiveCfg = Release|Any CPU
		{AFB86BDD-2552-4CF3-A1D0-DBAC0B41FD9D}.Release|Any CPU.Build.0 = Release|Any CPU
		{9C7AF42A-BAAD-4A07-B3E8-B33E8C64A5C6}.Debug|Any CPU.ActiveCfg = Debug|Any CPU
		{9C7AF42A-BAAD-4A07-B3E8-B33E8C64A5C6}.Debug|Any CPU.Build.0 = Debug|Any CPU
		{9C7AF42A-BAAD-4A07-B3E8-B33E8C64A5C6}.Release|Any CPU.ActiveCfg = Release|Any CPU
		{9C7AF42A-BAAD-4A07-B3E8-B33E8C64A5C6}.Release|Any CPU.Build.0 = Release|Any CPU
		{6C632CA1-F21C-4391-9DEC-25F734674315}.Debug|Any CPU.ActiveCfg = Debug|Any CPU
		{6C632CA1-F21C-4391-9DEC-25F734674315}.Debug|Any CPU.Build.0 = Debug|Any CPU
		{6C632CA1-F21C-4391-9DEC-25F734674315}.Release|Any CPU.ActiveCfg = Release|Any CPU
		{6C632CA1-F21C-4391-9DEC-25F734674315}.Release|Any CPU.Build.0 = Release|Any CPU
		{E6204B59-6782-4A39-AE73-C470FA6C1468}.Debug|Any CPU.ActiveCfg = Debug|Any CPU
		{E6204B59-6782-4A39-AE73-C470FA6C1468}.Debug|Any CPU.Build.0 = Debug|Any CPU
		{E6204B59-6782-4A39-AE73-C470FA6C1468}.Release|Any CPU.ActiveCfg = Release|Any CPU
		{E6204B59-6782-4A39-AE73-C470FA6C1468}.Release|Any CPU.Build.0 = Release|Any CPU
		{AF5F2F5E-7D95-404D-8FC5-14964DFCC98E}.Debug|Any CPU.ActiveCfg = Debug|Any CPU
		{AF5F2F5E-7D95-404D-8FC5-14964DFCC98E}.Debug|Any CPU.Build.0 = Debug|Any CPU
		{AF5F2F5E-7D95-404D-8FC5-14964DFCC98E}.Release|Any CPU.ActiveCfg = Release|Any CPU
		{AF5F2F5E-7D95-404D-8FC5-14964DFCC98E}.Release|Any CPU.Build.0 = Release|Any CPU
		{880DCBF6-1E6A-4854-9CF6-FC8F9DD2E305}.Debug|Any CPU.ActiveCfg = Debug|Any CPU
		{880DCBF6-1E6A-4854-9CF6-FC8F9DD2E305}.Debug|Any CPU.Build.0 = Debug|Any CPU
		{880DCBF6-1E6A-4854-9CF6-FC8F9DD2E305}.Release|Any CPU.ActiveCfg = Release|Any CPU
		{880DCBF6-1E6A-4854-9CF6-FC8F9DD2E305}.Release|Any CPU.Build.0 = Release|Any CPU
		{67BFA9BD-AC62-4D39-BD94-39B2126CEACE}.Debug|Any CPU.ActiveCfg = Debug|Any CPU
		{67BFA9BD-AC62-4D39-BD94-39B2126CEACE}.Debug|Any CPU.Build.0 = Debug|Any CPU
		{67BFA9BD-AC62-4D39-BD94-39B2126CEACE}.Release|Any CPU.ActiveCfg = Release|Any CPU
		{67BFA9BD-AC62-4D39-BD94-39B2126CEACE}.Release|Any CPU.Build.0 = Release|Any CPU
		{9388EDB0-76D8-4162-89E0-F00A3D59F8E7}.Debug|Any CPU.ActiveCfg = Debug|Any CPU
		{9388EDB0-76D8-4162-89E0-F00A3D59F8E7}.Debug|Any CPU.Build.0 = Debug|Any CPU
		{9388EDB0-76D8-4162-89E0-F00A3D59F8E7}.Release|Any CPU.ActiveCfg = Release|Any CPU
		{9388EDB0-76D8-4162-89E0-F00A3D59F8E7}.Release|Any CPU.Build.0 = Release|Any CPU
		{0146BFF4-CC86-4628-9E99-D1BF27875272}.Debug|Any CPU.ActiveCfg = Debug|Any CPU
		{0146BFF4-CC86-4628-9E99-D1BF27875272}.Debug|Any CPU.Build.0 = Debug|Any CPU
		{0146BFF4-CC86-4628-9E99-D1BF27875272}.Release|Any CPU.ActiveCfg = Release|Any CPU
		{0146BFF4-CC86-4628-9E99-D1BF27875272}.Release|Any CPU.Build.0 = Release|Any CPU
		{6B810947-A072-4B4C-B665-41CF15FF9317}.Debug|Any CPU.ActiveCfg = Debug|Any CPU
		{6B810947-A072-4B4C-B665-41CF15FF9317}.Debug|Any CPU.Build.0 = Debug|Any CPU
		{6B810947-A072-4B4C-B665-41CF15FF9317}.Release|Any CPU.ActiveCfg = Release|Any CPU
		{6B810947-A072-4B4C-B665-41CF15FF9317}.Release|Any CPU.Build.0 = Release|Any CPU
		{26EDBB05-2493-40A2-B529-9FC48B92E60B}.Debug|Any CPU.ActiveCfg = Debug|Any CPU
		{26EDBB05-2493-40A2-B529-9FC48B92E60B}.Debug|Any CPU.Build.0 = Debug|Any CPU
		{26EDBB05-2493-40A2-B529-9FC48B92E60B}.Release|Any CPU.ActiveCfg = Release|Any CPU
		{26EDBB05-2493-40A2-B529-9FC48B92E60B}.Release|Any CPU.Build.0 = Release|Any CPU
		{100976B3-A73B-4049-B7B0-F8CE7A6344C8}.Debug|Any CPU.ActiveCfg = Debug|Any CPU
		{100976B3-A73B-4049-B7B0-F8CE7A6344C8}.Debug|Any CPU.Build.0 = Debug|Any CPU
		{100976B3-A73B-4049-B7B0-F8CE7A6344C8}.Release|Any CPU.ActiveCfg = Release|Any CPU
		{100976B3-A73B-4049-B7B0-F8CE7A6344C8}.Release|Any CPU.Build.0 = Release|Any CPU
		{DD114BAA-7B6E-43E0-A7EA-0EDD3301BF71}.Debug|Any CPU.ActiveCfg = Debug|Any CPU
		{DD114BAA-7B6E-43E0-A7EA-0EDD3301BF71}.Debug|Any CPU.Build.0 = Debug|Any CPU
		{DD114BAA-7B6E-43E0-A7EA-0EDD3301BF71}.Release|Any CPU.ActiveCfg = Release|Any CPU
		{DD114BAA-7B6E-43E0-A7EA-0EDD3301BF71}.Release|Any CPU.Build.0 = Release|Any CPU
		{78641E7A-56E7-441A-9DDE-8E6560830F7E}.Debug|Any CPU.ActiveCfg = Debug|Any CPU
		{78641E7A-56E7-441A-9DDE-8E6560830F7E}.Debug|Any CPU.Build.0 = Debug|Any CPU
		{78641E7A-56E7-441A-9DDE-8E6560830F7E}.Release|Any CPU.ActiveCfg = Release|Any CPU
		{78641E7A-56E7-441A-9DDE-8E6560830F7E}.Release|Any CPU.Build.0 = Release|Any CPU
		{9FD59DFC-D968-4AEC-9BC5-2B6E7CFB0F24}.Debug|Any CPU.ActiveCfg = Debug|Any CPU
		{9FD59DFC-D968-4AEC-9BC5-2B6E7CFB0F24}.Debug|Any CPU.Build.0 = Debug|Any CPU
		{9FD59DFC-D968-4AEC-9BC5-2B6E7CFB0F24}.Release|Any CPU.ActiveCfg = Release|Any CPU
		{9FD59DFC-D968-4AEC-9BC5-2B6E7CFB0F24}.Release|Any CPU.Build.0 = Release|Any CPU
		{2CE02B75-73A9-4FD4-832C-FCE6A9975EE8}.Debug|Any CPU.ActiveCfg = Debug|Any CPU
		{2CE02B75-73A9-4FD4-832C-FCE6A9975EE8}.Debug|Any CPU.Build.0 = Debug|Any CPU
		{2CE02B75-73A9-4FD4-832C-FCE6A9975EE8}.Release|Any CPU.ActiveCfg = Release|Any CPU
		{2CE02B75-73A9-4FD4-832C-FCE6A9975EE8}.Release|Any CPU.Build.0 = Release|Any CPU
		{C0EB8C76-F11C-456F-B510-2FFE899CBB35}.Debug|Any CPU.ActiveCfg = Debug|Any CPU
		{C0EB8C76-F11C-456F-B510-2FFE899CBB35}.Debug|Any CPU.Build.0 = Debug|Any CPU
		{C0EB8C76-F11C-456F-B510-2FFE899CBB35}.Release|Any CPU.ActiveCfg = Release|Any CPU
		{C0EB8C76-F11C-456F-B510-2FFE899CBB35}.Release|Any CPU.Build.0 = Release|Any CPU
		{4130866F-D8E6-46F3-935E-E0B5F957F21E}.Debug|Any CPU.ActiveCfg = Debug|Any CPU
		{4130866F-D8E6-46F3-935E-E0B5F957F21E}.Debug|Any CPU.Build.0 = Debug|Any CPU
		{4130866F-D8E6-46F3-935E-E0B5F957F21E}.Release|Any CPU.ActiveCfg = Release|Any CPU
		{4130866F-D8E6-46F3-935E-E0B5F957F21E}.Release|Any CPU.Build.0 = Release|Any CPU
		{7E0B23A5-0D93-45B0-AC50-8E74D555306E}.Debug|Any CPU.ActiveCfg = Debug|Any CPU
		{7E0B23A5-0D93-45B0-AC50-8E74D555306E}.Debug|Any CPU.Build.0 = Debug|Any CPU
		{7E0B23A5-0D93-45B0-AC50-8E74D555306E}.Release|Any CPU.ActiveCfg = Release|Any CPU
		{7E0B23A5-0D93-45B0-AC50-8E74D555306E}.Release|Any CPU.Build.0 = Release|Any CPU
		{87FA8526-B423-4497-BAF3-1421927279CB}.Debug|Any CPU.ActiveCfg = Debug|Any CPU
		{87FA8526-B423-4497-BAF3-1421927279CB}.Debug|Any CPU.Build.0 = Debug|Any CPU
		{87FA8526-B423-4497-BAF3-1421927279CB}.Release|Any CPU.ActiveCfg = Release|Any CPU
		{87FA8526-B423-4497-BAF3-1421927279CB}.Release|Any CPU.Build.0 = Release|Any CPU
		{02D07D8E-3A76-4795-A967-1177D89A44B0}.Debug|Any CPU.ActiveCfg = Debug|Any CPU
		{02D07D8E-3A76-4795-A967-1177D89A44B0}.Debug|Any CPU.Build.0 = Debug|Any CPU
		{02D07D8E-3A76-4795-A967-1177D89A44B0}.Release|Any CPU.ActiveCfg = Release|Any CPU
		{02D07D8E-3A76-4795-A967-1177D89A44B0}.Release|Any CPU.Build.0 = Release|Any CPU
		{D287DC04-9CE7-42CB-BF99-DA12BAD9950E}.Debug|Any CPU.ActiveCfg = Debug|Any CPU
		{D287DC04-9CE7-42CB-BF99-DA12BAD9950E}.Debug|Any CPU.Build.0 = Debug|Any CPU
		{D287DC04-9CE7-42CB-BF99-DA12BAD9950E}.Release|Any CPU.ActiveCfg = Release|Any CPU
		{D287DC04-9CE7-42CB-BF99-DA12BAD9950E}.Release|Any CPU.Build.0 = Release|Any CPU
		{68FC78C7-96E3-4C38-B57B-A92103EA6C0C}.Debug|Any CPU.ActiveCfg = Debug|Any CPU
		{68FC78C7-96E3-4C38-B57B-A92103EA6C0C}.Debug|Any CPU.Build.0 = Debug|Any CPU
		{68FC78C7-96E3-4C38-B57B-A92103EA6C0C}.Release|Any CPU.ActiveCfg = Release|Any CPU
		{68FC78C7-96E3-4C38-B57B-A92103EA6C0C}.Release|Any CPU.Build.0 = Release|Any CPU
		{B6F17CDC-E458-44A5-8744-32648A7A5663}.Debug|Any CPU.ActiveCfg = Debug|Any CPU
		{B6F17CDC-E458-44A5-8744-32648A7A5663}.Debug|Any CPU.Build.0 = Debug|Any CPU
		{B6F17CDC-E458-44A5-8744-32648A7A5663}.Release|Any CPU.ActiveCfg = Release|Any CPU
		{B6F17CDC-E458-44A5-8744-32648A7A5663}.Release|Any CPU.Build.0 = Release|Any CPU
		{08A1412B-BD2F-4E5B-BEA9-5312A3B56FDB}.Debug|Any CPU.ActiveCfg = Debug|Any CPU
		{08A1412B-BD2F-4E5B-BEA9-5312A3B56FDB}.Debug|Any CPU.Build.0 = Debug|Any CPU
		{08A1412B-BD2F-4E5B-BEA9-5312A3B56FDB}.Release|Any CPU.ActiveCfg = Release|Any CPU
		{08A1412B-BD2F-4E5B-BEA9-5312A3B56FDB}.Release|Any CPU.Build.0 = Release|Any CPU
		{D50F7466-C4DE-46F0-8C7B-2023D939AC95}.Debug|Any CPU.ActiveCfg = Debug|Any CPU
		{D50F7466-C4DE-46F0-8C7B-2023D939AC95}.Debug|Any CPU.Build.0 = Debug|Any CPU
		{D50F7466-C4DE-46F0-8C7B-2023D939AC95}.Release|Any CPU.ActiveCfg = Release|Any CPU
		{D50F7466-C4DE-46F0-8C7B-2023D939AC95}.Release|Any CPU.Build.0 = Release|Any CPU
		{CCB167B4-46F7-48E7-B710-3C136C7A1B97}.Debug|Any CPU.ActiveCfg = Debug|Any CPU
		{CCB167B4-46F7-48E7-B710-3C136C7A1B97}.Debug|Any CPU.Build.0 = Debug|Any CPU
		{CCB167B4-46F7-48E7-B710-3C136C7A1B97}.Release|Any CPU.ActiveCfg = Release|Any CPU
		{CCB167B4-46F7-48E7-B710-3C136C7A1B97}.Release|Any CPU.Build.0 = Release|Any CPU
		{0B941D2C-EFCD-4422-B630-CDCADE212147}.Debug|Any CPU.ActiveCfg = Debug|Any CPU
		{0B941D2C-EFCD-4422-B630-CDCADE212147}.Debug|Any CPU.Build.0 = Debug|Any CPU
		{0B941D2C-EFCD-4422-B630-CDCADE212147}.Release|Any CPU.ActiveCfg = Release|Any CPU
		{0B941D2C-EFCD-4422-B630-CDCADE212147}.Release|Any CPU.Build.0 = Release|Any CPU
		{484A8096-E2B8-41D7-A774-7FF029DEB4F0}.Debug|Any CPU.ActiveCfg = Debug|Any CPU
		{484A8096-E2B8-41D7-A774-7FF029DEB4F0}.Debug|Any CPU.Build.0 = Debug|Any CPU
		{484A8096-E2B8-41D7-A774-7FF029DEB4F0}.Release|Any CPU.ActiveCfg = Release|Any CPU
		{484A8096-E2B8-41D7-A774-7FF029DEB4F0}.Release|Any CPU.Build.0 = Release|Any CPU
		{AC938940-D13C-44FC-9258-AA990C4011E3}.Debug|Any CPU.ActiveCfg = Debug|Any CPU
		{AC938940-D13C-44FC-9258-AA990C4011E3}.Debug|Any CPU.Build.0 = Debug|Any CPU
		{AC938940-D13C-44FC-9258-AA990C4011E3}.Release|Any CPU.ActiveCfg = Release|Any CPU
		{AC938940-D13C-44FC-9258-AA990C4011E3}.Release|Any CPU.Build.0 = Release|Any CPU
		{CB0F280F-7E0A-4EFA-B9E7-FCE6472CA30B}.Debug|Any CPU.ActiveCfg = Debug|Any CPU
		{CB0F280F-7E0A-4EFA-B9E7-FCE6472CA30B}.Debug|Any CPU.Build.0 = Debug|Any CPU
		{CB0F280F-7E0A-4EFA-B9E7-FCE6472CA30B}.Release|Any CPU.ActiveCfg = Release|Any CPU
		{CB0F280F-7E0A-4EFA-B9E7-FCE6472CA30B}.Release|Any CPU.Build.0 = Release|Any CPU
		{2FFB8E5A-1D68-449E-B123-35BEAED05AB5}.Debug|Any CPU.ActiveCfg = Debug|Any CPU
		{2FFB8E5A-1D68-449E-B123-35BEAED05AB5}.Debug|Any CPU.Build.0 = Debug|Any CPU
		{2FFB8E5A-1D68-449E-B123-35BEAED05AB5}.Release|Any CPU.ActiveCfg = Release|Any CPU
		{2FFB8E5A-1D68-449E-B123-35BEAED05AB5}.Release|Any CPU.Build.0 = Release|Any CPU
		{4D067D09-D59E-49F2-9302-804DFBFC09AB}.Debug|Any CPU.ActiveCfg = Debug|Any CPU
		{4D067D09-D59E-49F2-9302-804DFBFC09AB}.Debug|Any CPU.Build.0 = Debug|Any CPU
		{4D067D09-D59E-49F2-9302-804DFBFC09AB}.Release|Any CPU.ActiveCfg = Release|Any CPU
		{4D067D09-D59E-49F2-9302-804DFBFC09AB}.Release|Any CPU.Build.0 = Release|Any CPU
		{FC067E79-B8B7-40C8-91B1-29434F5255A6}.Debug|Any CPU.ActiveCfg = Debug|Any CPU
		{FC067E79-B8B7-40C8-91B1-29434F5255A6}.Debug|Any CPU.Build.0 = Debug|Any CPU
		{FC067E79-B8B7-40C8-91B1-29434F5255A6}.Release|Any CPU.ActiveCfg = Release|Any CPU
		{FC067E79-B8B7-40C8-91B1-29434F5255A6}.Release|Any CPU.Build.0 = Release|Any CPU
		{DB7579D1-7FB0-4629-8471-D4A2C3B1F2E5}.Debug|Any CPU.ActiveCfg = Debug|Any CPU
		{DB7579D1-7FB0-4629-8471-D4A2C3B1F2E5}.Debug|Any CPU.Build.0 = Debug|Any CPU
		{DB7579D1-7FB0-4629-8471-D4A2C3B1F2E5}.Release|Any CPU.ActiveCfg = Release|Any CPU
		{DB7579D1-7FB0-4629-8471-D4A2C3B1F2E5}.Release|Any CPU.Build.0 = Release|Any CPU
	EndGlobalSection
	GlobalSection(SolutionProperties) = preSolution
		HideSolutionNode = FALSE
	EndGlobalSection
	GlobalSection(ExtensibilityGlobals) = postSolution
		SolutionGuid = {548EF944-DAE7-4860-8A59-DE5BA0E63D8C}
	EndGlobalSection
EndGlobal
