
Microsoft Visual Studio Solution File, Format Version 12.00
# Visual Studio Version 17
VisualStudioVersion = 17.2.32630.192
MinimumVisualStudioVersion = 10.0.40219.1
Project("{9A19103F-16F7-4668-BE54-9A1E7A4F7556}") = "R5T.S0108", "R5T.S0108\R5T.S0108.csproj", "{9789A299-6DBF-4BF1-B011-976CD8C04B59}"
EndProject
Global
	GlobalSection(SolutionConfigurationPlatforms) = preSolution
		Debug|Any CPU = Debug|Any CPU
		Release|Any CPU = Release|Any CPU
	EndGlobalSection
	GlobalSection(ProjectConfigurationPlatforms) = postSolution
		{9789A299-6DBF-4BF1-B011-976CD8C04B59}.Debug|Any CPU.ActiveCfg = Debug|Any CPU
		{9789A299-6DBF-4BF1-B011-976CD8C04B59}.Debug|Any CPU.Build.0 = Debug|Any CPU
		{9789A299-6DBF-4BF1-B011-976CD8C04B59}.Release|Any CPU.ActiveCfg = Release|Any CPU
		{9789A299-6DBF-4BF1-B011-976CD8C04B59}.Release|Any CPU.Build.0 = Release|Any CPU
	EndGlobalSection
	GlobalSection(SolutionProperties) = preSolution
		HideSolutionNode = FALSE
	EndGlobalSection
	GlobalSection(ExtensibilityGlobals) = postSolution
		SolutionGuid = {548EF944-DAE7-4860-8A59-DE5BA0E63D8C}
	EndGlobalSection
EndGlobal
